PODS:
  - Alamofire (4.8.0)
  - Appsee (2.5.1)
  - Bolts (1.9.0):
    - Bolts/AppLinks (= 1.9.0)
    - Bolts/Tasks (= 1.9.0)
  - Bolts/AppLinks (1.9.0):
    - Bolts/Tasks
  - Bolts/Tasks (1.9.0)
  - CCBottomRefreshControl (0.5.2)
  - EasyTipView (2.0.1)
  - FBSDKCoreKit (4.39.1):
    - Bolts (~> 1.9)
  - FBSDKLoginKit (4.39.1):
    - FBSDKCoreKit
  - GoogleSignIn (4.4.0):
    - "GoogleToolboxForMac/NSDictionary+URLArguments (~> 2.1)"
    - "GoogleToolboxForMac/NSString+URLArguments (~> 2.1)"
    - GTMSessionFetcher/Core (~> 1.1)
  - GoogleToolboxForMac/DebugUtils (2.2.0):
    - GoogleToolboxForMac/Defines (= 2.2.0)
  - GoogleToolboxForMac/Defines (2.2.0)
  - "GoogleToolboxForMac/NSDictionary+URLArguments (2.2.0)":
    - GoogleToolboxForMac/DebugUtils (= 2.2.0)
    - GoogleToolboxForMac/Defines (= 2.2.0)
    - "GoogleToolboxForMac/NSString+URLArguments (= 2.2.0)"
  - "GoogleToolboxForMac/NSString+URLArguments (2.2.0)"
  - GTMSessionFetcher/Core (1.2.1)
  - Hex (6.0.0)
  - Intercom (5.2.1)
  - MaterialTextField (1.0.1)
  - SDWebImage (4.4.2):
    - SDWebImage/Core (= 4.4.2)
  - SDWebImage/Core (4.4.2)
  - SideMenu (5.0.3)
  - SnapKit (4.0.1)
  - SVProgressHUD (2.2.5)
  - SwiftLint (0.30.0)
  - SwiftValidator (4.0.0)
  - TPKeyboardAvoiding (1.3.2)
  - WaterfallLayout (0.2)

DEPENDENCIES:
  - Alamofire
  - Appsee (~> 2.5.1)
  - CCBottomRefreshControl
  - EasyTipView (~> 2.0.0)
  - FBSDKCoreKit
  - FBSDKLoginKit
  - GoogleSignIn
  - Hex
  - Intercom
  - MaterialTextField (~> 1.0)
  - SDWebImage (~> 4.0)
  - SideMenu
  - SnapKit (~> 4.0.0)
  - SVProgressHUD
  - SwiftLint
  - SwiftValidator (from `https://github.com/jpotts18/SwiftValidator.git`, branch `master`)
  - TPKeyboardAvoiding
  - WaterfallLayout (~> 0.1)

SPEC REPOS:
  https://github.com/cocoapods/specs.git:
    - Alamofire
    - Appsee
    - Bolts
    - CCBottomRefreshControl
    - EasyTipView
    - FBSDKCoreKit
    - FBSDKLoginKit
    - GoogleSignIn
    - GoogleToolboxForMac
    - GTMSessionFetcher
    - Hex
    - Intercom
    - MaterialTextField
    - SDWebImage
    - SideMenu
    - SnapKit
    - SVProgressHUD
    - SwiftLint
    - TPKeyboardAvoiding
    - WaterfallLayout

EXTERNAL SOURCES:
  SwiftValidator:
    :branch: master
    :git: https://github.com/jpotts18/SwiftValidator.git

CHECKOUT OPTIONS:
  SwiftValidator:
    :commit: c0ee801a2d107eca5f748d07932b449666d8effd
    :git: https://github.com/jpotts18/SwiftValidator.git

SPEC CHECKSUMS:
  Alamofire: 3ec537f71edc9804815215393ae2b1a8ea33a844
  Appsee: 939b7bac5d89c9e4215e45c92aa85dacbdb95917
  Bolts: ac6567323eac61e203f6a9763667d0f711be34c8
  CCBottomRefreshControl: 389780b4488321c91d18f66a6da5ef9606df6de5
  EasyTipView: 1515544456d6e943240012e9be5d25d1bb766603
  FBSDKCoreKit: f442aa96179cc9b382bb4abeb7e340a47cca8f91
  FBSDKLoginKit: c3079d9a4db27c492287b1eed7a4272b28cf8a59
  GoogleSignIn: 7ff245e1a7b26d379099d3243a562f5747e23d39
  GoogleToolboxForMac: ff31605b7d66400dcec09bed5861689aebadda4d
  GTMSessionFetcher: 32aeca0aa144acea523e1c8e053089dec2cb98ca
  Hex: 3888e06c29fe725b12e33d434e31b06beb4112db
  Intercom: 53f07c24f0ca18c1e910750e79b75f9c9867338f
  MaterialTextField: f1a0786588e4d3610cb9bb62d2adbe9777cebbf9
  SDWebImage: 624d6e296c69b244bcede364c72ae0430ac14681
  SideMenu: 1dcaabce84538c53325c287f7fe62999379a641c
  SnapKit: 0de968a9fec17499afa29683b05d0c775b6d1c29
  SVProgressHUD: 1428aafac632c1f86f62aa4243ec12008d7a51d6
  SwiftLint: 4e37cb5cd33435170dfd09fba089f41fdbf64d53
  SwiftValidator: 25ded5ca1f10c05adf57f6ac82a72d28ac8d91af
  TPKeyboardAvoiding: cb69d5ddbe90ce0170e4bc2db1e5e41d4a3ad9a4
  WaterfallLayout: 030e04b041e5c6c47ae2c1eaa685c60289fab0b1

PODFILE CHECKSUM: 55f5ba9cf6be75068c0ca5f796057e7e43293709

COCOAPODS: 1.5.3
