// !$*UTF8*$!
{
	archiveVersion = 1;
	classes = {
	};
	objectVersion = 50;
	objects = {

/* Begin PBXBuildFile section */
		61145CC121DB926700062332 /* ServerManager.swift in Sources */ = {isa = PBXBuildFile; fileRef = 61145CC021DB926600062332 /* ServerManager.swift */; };
		613F897921E897AA00EB48D2 /* Country.swift in Sources */ = {isa = PBXBuildFile; fileRef = 613F897821E897AA00EB48D2 /* Country.swift */; };
		613F897B21E8AEF800EB48D2 /* LoginResponse.swift in Sources */ = {isa = PBXBuildFile; fileRef = 613F897A21E8AEF800EB48D2 /* LoginResponse.swift */; };
		613F897D21E8C5FB00EB48D2 /* CustomError.swift in Sources */ = {isa = PBXBuildFile; fileRef = 613F897C21E8C5FB00EB48D2 /* CustomError.swift */; };
		614CEA4321F1E08F00FE5F9D /* GoogleService-Info.plist in Resources */ = {isa = PBXBuildFile; fileRef = 614CEA4221F1E08F00FE5F9D /* GoogleService-Info.plist */; };
		614CEA4621F1E48600FE5F9D /* SocialAuthManager.swift in Sources */ = {isa = PBXBuildFile; fileRef = 614CEA4521F1E48600FE5F9D /* SocialAuthManager.swift */; };
		617AC4FE21D3595500655C3C /* UploadProfilePictureVC.swift in Sources */ = {isa = PBXBuildFile; fileRef = 617AC4FD21D3595500655C3C /* UploadProfilePictureVC.swift */; };
		617CD12621DE229000D4C885 /* CountryCell.swift in Sources */ = {isa = PBXBuildFile; fileRef = 617CD12421DE229000D4C885 /* CountryCell.swift */; };
		617CD12721DE229000D4C885 /* CountryCell.xib in Resources */ = {isa = PBXBuildFile; fileRef = 617CD12521DE229000D4C885 /* CountryCell.xib */; };
		617CD12A21DE286700D4C885 /* SignUpViewController.swift in Sources */ = {isa = PBXBuildFile; fileRef = 617CD12921DE286700D4C885 /* SignUpViewController.swift */; };
		617CD12C21DE288400D4C885 /* SelectCountryVC.swift in Sources */ = {isa = PBXBuildFile; fileRef = 617CD12B21DE288400D4C885 /* SelectCountryVC.swift */; };
		617CD12E21DE3B2900D4C885 /* SignUpEmailVC.swift in Sources */ = {isa = PBXBuildFile; fileRef = 617CD12D21DE3B2900D4C885 /* SignUpEmailVC.swift */; };
		618091C821EF43D0004B3347 /* UserDefaultManager.swift in Sources */ = {isa = PBXBuildFile; fileRef = 618091C721EF43D0004B3347 /* UserDefaultManager.swift */; };
		618091CB21F0BFEB004B3347 /* PopupController.swift in Sources */ = {isa = PBXBuildFile; fileRef = 618091CA21F0BFEB004B3347 /* PopupController.swift */; };
		6183FFCE21E747790090393E /* InviteFriendsVC.swift in Sources */ = {isa = PBXBuildFile; fileRef = 6183FFCD21E747790090393E /* InviteFriendsVC.swift */; };
		6183FFD021E756810090393E /* SelectWorkVC.swift in Sources */ = {isa = PBXBuildFile; fileRef = 6183FFCF21E756810090393E /* SelectWorkVC.swift */; };
		6183FFD321E759920090393E /* WorkCell.swift in Sources */ = {isa = PBXBuildFile; fileRef = 6183FFD121E759920090393E /* WorkCell.swift */; };
		6183FFD421E759920090393E /* WorkCell.xib in Resources */ = {isa = PBXBuildFile; fileRef = 6183FFD221E759920090393E /* WorkCell.xib */; };
		6188C70321EC98A000B51EA1 /* SizeChartPopUpVC.swift in Sources */ = {isa = PBXBuildFile; fileRef = 6188C70221EC98A000B51EA1 /* SizeChartPopUpVC.swift */; };
		6188C70821ECA30200B51EA1 /* SizeCell.swift in Sources */ = {isa = PBXBuildFile; fileRef = 6188C70721ECA30200B51EA1 /* SizeCell.swift */; };
		619EC53121E5F95000E4AE02 /* SizeChart.swift in Sources */ = {isa = PBXBuildFile; fileRef = 619EC53021E5F95000E4AE02 /* SizeChart.swift */; };
		61A20A5021E4B28A00B27C8E /* MeasurementsVC.swift in Sources */ = {isa = PBXBuildFile; fileRef = 61A20A4F21E4B28A00B27C8E /* MeasurementsVC.swift */; };
		61A20A5221E4D24300B27C8E /* CustomPickerTextField.swift in Sources */ = {isa = PBXBuildFile; fileRef = 61A20A5121E4D24300B27C8E /* CustomPickerTextField.swift */; };
		61A20A5421E4DE1D00B27C8E /* JSONDecoder+DecodeResponse.swift in Sources */ = {isa = PBXBuildFile; fileRef = 61A20A5321E4DE1D00B27C8E /* JSONDecoder+DecodeResponse.swift */; };
		61A20A5721E5DDAC00B27C8E /* SingleTextFieldCell.swift in Sources */ = {isa = PBXBuildFile; fileRef = 61A20A5521E5DDAC00B27C8E /* SingleTextFieldCell.swift */; };
		61A20A5821E5DDAC00B27C8E /* SingleTextFieldCell.xib in Resources */ = {isa = PBXBuildFile; fileRef = 61A20A5621E5DDAC00B27C8E /* SingleTextFieldCell.xib */; };
		61A20A5B21E5DDBF00B27C8E /* DoubleTextFieldCell.swift in Sources */ = {isa = PBXBuildFile; fileRef = 61A20A5921E5DDBF00B27C8E /* DoubleTextFieldCell.swift */; };
		61A20A5C21E5DDBF00B27C8E /* DoubleTextFieldCell.xib in Resources */ = {isa = PBXBuildFile; fileRef = 61A20A5A21E5DDBF00B27C8E /* DoubleTextFieldCell.xib */; };
		61BC873421E76244000AEA06 /* SearchNotFoundCell.swift in Sources */ = {isa = PBXBuildFile; fileRef = 61BC873221E76244000AEA06 /* SearchNotFoundCell.swift */; };
		61BC873521E76244000AEA06 /* SearchNotFoundCell.xib in Resources */ = {isa = PBXBuildFile; fileRef = 61BC873321E76244000AEA06 /* SearchNotFoundCell.xib */; };
		61BC873721E76C62000AEA06 /* Brand.swift in Sources */ = {isa = PBXBuildFile; fileRef = 61BC873621E76C62000AEA06 /* Brand.swift */; };
		61FC98E421E4A549009C85FE /* SEGOEUII_1.TTF in Resources */ = {isa = PBXBuildFile; fileRef = 61FC98E321E4A548009C85FE /* SEGOEUII_1.TTF */; };
		694480D221C7A018001A11A2 /* BaseViewController.swift in Sources */ = {isa = PBXBuildFile; fileRef = 69447FF921C7A017001A11A2 /* BaseViewController.swift */; };
		694480E821C7A018001A11A2 /* SignInViewController.swift in Sources */ = {isa = PBXBuildFile; fileRef = 6944800F21C7A017001A11A2 /* SignInViewController.swift */; };
		694480EA21C7A018001A11A2 /* Constants.swift in Sources */ = {isa = PBXBuildFile; fileRef = 6944801221C7A017001A11A2 /* Constants.swift */; };
		694480ED21C7A018001A11A2 /* Styles.swift in Sources */ = {isa = PBXBuildFile; fileRef = 6944801521C7A017001A11A2 /* Styles.swift */; };
		694480F121C7A018001A11A2 /* DayCell.xib in Resources */ = {isa = PBXBuildFile; fileRef = 6944801B21C7A017001A11A2 /* DayCell.xib */; };
		694480F221C7A018001A11A2 /* ScrollableDatepicker.swift in Sources */ = {isa = PBXBuildFile; fileRef = 6944801C21C7A017001A11A2 /* ScrollableDatepicker.swift */; };
		694480F321C7A018001A11A2 /* ScrollableDatepicker.xib in Resources */ = {isa = PBXBuildFile; fileRef = 6944801D21C7A017001A11A2 /* ScrollableDatepicker.xib */; };
		694480F421C7A018001A11A2 /* DayCell.swift in Sources */ = {isa = PBXBuildFile; fileRef = 6944801E21C7A017001A11A2 /* DayCell.swift */; };
		694480F521C7A018001A11A2 /* LoadableFromXibView.swift in Sources */ = {isa = PBXBuildFile; fileRef = 6944801F21C7A017001A11A2 /* LoadableFromXibView.swift */; };
		694480F621C7A018001A11A2 /* Configuration.swift in Sources */ = {isa = PBXBuildFile; fileRef = 6944802021C7A017001A11A2 /* Configuration.swift */; };
		694480F721C7A018001A11A2 /* UtilityManager.swift in Sources */ = {isa = PBXBuildFile; fileRef = 6944802121C7A017001A11A2 /* UtilityManager.swift */; };
		6944810A21C7A018001A11A2 /* ApplicationManager.swift in Sources */ = {isa = PBXBuildFile; fileRef = 6944803E21C7A017001A11A2 /* ApplicationManager.swift */; };
		6944810B21C7A018001A11A2 /* Router.swift in Sources */ = {isa = PBXBuildFile; fileRef = 6944803F21C7A017001A11A2 /* Router.swift */; };
		6944810C21C7A018001A11A2 /* DZImageView.swift in Sources */ = {isa = PBXBuildFile; fileRef = 6944804021C7A017001A11A2 /* DZImageView.swift */; };
		6944813421C7A018001A11A2 /* DatePickerTextField.swift in Sources */ = {isa = PBXBuildFile; fileRef = 6944807421C7A017001A11A2 /* DatePickerTextField.swift */; };
		6944813521C7A018001A11A2 /* DesignableImageView.swift in Sources */ = {isa = PBXBuildFile; fileRef = 6944807621C7A017001A11A2 /* DesignableImageView.swift */; };
		6944813621C7A018001A11A2 /* KeyboardLayoutConstraint.swift in Sources */ = {isa = PBXBuildFile; fileRef = 6944807721C7A017001A11A2 /* KeyboardLayoutConstraint.swift */; };
		6944813721C7A018001A11A2 /* TransitionManager.swift in Sources */ = {isa = PBXBuildFile; fileRef = 6944807821C7A017001A11A2 /* TransitionManager.swift */; };
		6944813821C7A018001A11A2 /* TransitionZoom.swift in Sources */ = {isa = PBXBuildFile; fileRef = 6944807921C7A017001A11A2 /* TransitionZoom.swift */; };
		6944813921C7A018001A11A2 /* ImageLoader.swift in Sources */ = {isa = PBXBuildFile; fileRef = 6944807A21C7A017001A11A2 /* ImageLoader.swift */; };
		6944813A21C7A018001A11A2 /* Spring.swift in Sources */ = {isa = PBXBuildFile; fileRef = 6944807B21C7A017001A11A2 /* Spring.swift */; };
		6944813B21C7A018001A11A2 /* SpringImageView.swift in Sources */ = {isa = PBXBuildFile; fileRef = 6944807C21C7A017001A11A2 /* SpringImageView.swift */; };
		6944813C21C7A018001A11A2 /* DesignableLabel.swift in Sources */ = {isa = PBXBuildFile; fileRef = 6944807D21C7A017001A11A2 /* DesignableLabel.swift */; };
		6944813D21C7A018001A11A2 /* SoundPlayer.swift in Sources */ = {isa = PBXBuildFile; fileRef = 6944807E21C7A017001A11A2 /* SoundPlayer.swift */; };
		6944813E21C7A018001A11A2 /* BlurView.swift in Sources */ = {isa = PBXBuildFile; fileRef = 6944807F21C7A017001A11A2 /* BlurView.swift */; };
		6944813F21C7A018001A11A2 /* DesignableTextField.swift in Sources */ = {isa = PBXBuildFile; fileRef = 6944808021C7A017001A11A2 /* DesignableTextField.swift */; };
		6944814021C7A018001A11A2 /* SpringButton.swift in Sources */ = {isa = PBXBuildFile; fileRef = 6944808121C7A017001A11A2 /* SpringButton.swift */; };
		6944814121C7A018001A11A2 /* SpringTextView.swift in Sources */ = {isa = PBXBuildFile; fileRef = 6944808221C7A017001A11A2 /* SpringTextView.swift */; };
		6944814221C7A018001A11A2 /* Misc.swift in Sources */ = {isa = PBXBuildFile; fileRef = 6944808321C7A017001A11A2 /* Misc.swift */; };
		6944814321C7A018001A11A2 /* SpringView.swift in Sources */ = {isa = PBXBuildFile; fileRef = 6944808421C7A017001A11A2 /* SpringView.swift */; };
		6944814421C7A018001A11A2 /* DesignableButton.swift in Sources */ = {isa = PBXBuildFile; fileRef = 6944808521C7A017001A11A2 /* DesignableButton.swift */; };
		6944814521C7A018001A11A2 /* SpringTextField.swift in Sources */ = {isa = PBXBuildFile; fileRef = 6944808621C7A017001A11A2 /* SpringTextField.swift */; };
		6944814621C7A018001A11A2 /* DesignableView.swift in Sources */ = {isa = PBXBuildFile; fileRef = 6944808721C7A017001A11A2 /* DesignableView.swift */; };
		6944814721C7A018001A11A2 /* DesignableTabBarController.swift in Sources */ = {isa = PBXBuildFile; fileRef = 6944808821C7A017001A11A2 /* DesignableTabBarController.swift */; };
		6944814821C7A018001A11A2 /* AsyncButton.swift in Sources */ = {isa = PBXBuildFile; fileRef = 6944808921C7A017001A11A2 /* AsyncButton.swift */; };
		6944814921C7A018001A11A2 /* LoadingView.xib in Resources */ = {isa = PBXBuildFile; fileRef = 6944808A21C7A017001A11A2 /* LoadingView.xib */; };
		6944814A21C7A018001A11A2 /* SpringLabel.swift in Sources */ = {isa = PBXBuildFile; fileRef = 6944808B21C7A017001A11A2 /* SpringLabel.swift */; };
		6944814B21C7A018001A11A2 /* DesignableTextView.swift in Sources */ = {isa = PBXBuildFile; fileRef = 6944808D21C7A017001A11A2 /* DesignableTextView.swift */; };
		6944814C21C7A018001A11A2 /* AutoTextView.swift in Sources */ = {isa = PBXBuildFile; fileRef = 6944808E21C7A017001A11A2 /* AutoTextView.swift */; };
		6944814D21C7A018001A11A2 /* SpringAnimation.swift in Sources */ = {isa = PBXBuildFile; fileRef = 6944808F21C7A017001A11A2 /* SpringAnimation.swift */; };
		6944814E21C7A018001A11A2 /* UnwindSegue.swift in Sources */ = {isa = PBXBuildFile; fileRef = 6944809021C7A017001A11A2 /* UnwindSegue.swift */; };
		6944814F21C7A018001A11A2 /* LoadingView.swift in Sources */ = {isa = PBXBuildFile; fileRef = 6944809121C7A017001A11A2 /* LoadingView.swift */; };
		6944815121C7A018001A11A2 /* AsyncImageView.swift in Sources */ = {isa = PBXBuildFile; fileRef = 6944809321C7A017001A11A2 /* AsyncImageView.swift */; };
		6944815921C7A018001A11A2 /* User.swift in Sources */ = {isa = PBXBuildFile; fileRef = 6944809D21C7A018001A11A2 /* User.swift */; };
		6944817621C7A9ED001A11A2 /* LandingViewController.swift in Sources */ = {isa = PBXBuildFile; fileRef = 6944817521C7A9ED001A11A2 /* LandingViewController.swift */; };
		69854D6A21C8CA6D0092672D /* segoeui.ttf in Resources */ = {isa = PBXBuildFile; fileRef = 69854D6821C8CA6D0092672D /* segoeui.ttf */; };
		69854D6B21C8CA6D0092672D /* segoeuib.ttf in Resources */ = {isa = PBXBuildFile; fileRef = 69854D6921C8CA6D0092672D /* segoeuib.ttf */; };
		69854D6F21C8D88A0092672D /* DZGradientView.swift in Sources */ = {isa = PBXBuildFile; fileRef = 69854D6E21C8D88A0092672D /* DZGradientView.swift */; };
		69854D7121C8D9C70092672D /* DZGradientButton.swift in Sources */ = {isa = PBXBuildFile; fileRef = 69854D7021C8D9C70092672D /* DZGradientButton.swift */; };
		6998E7DD21C77778009DFBEF /* AppDelegate.swift in Sources */ = {isa = PBXBuildFile; fileRef = 6998E7DC21C77778009DFBEF /* AppDelegate.swift */; };
		6998E7E221C77778009DFBEF /* Main.storyboard in Resources */ = {isa = PBXBuildFile; fileRef = 6998E7E021C77778009DFBEF /* Main.storyboard */; };
		6998E7E421C77779009DFBEF /* Assets.xcassets in Resources */ = {isa = PBXBuildFile; fileRef = 6998E7E321C77779009DFBEF /* Assets.xcassets */; };
		6998E7E721C77779009DFBEF /* LaunchScreen.storyboard in Resources */ = {isa = PBXBuildFile; fileRef = 6998E7E521C77779009DFBEF /* LaunchScreen.storyboard */; };
		69DA9A1521CB9B3A008D8FEB /* MainTabBarController.swift in Sources */ = {isa = PBXBuildFile; fileRef = 69DA9A1421CB9B3A008D8FEB /* MainTabBarController.swift */; };
		69DA9A1721CBC6A0008D8FEB /* DZValidator.swift in Sources */ = {isa = PBXBuildFile; fileRef = 69DA9A1621CBC6A0008D8FEB /* DZValidator.swift */; };
		E417DCD0989C188C9CE6722B /* Pods_Sozie.framework in Frameworks */ = {isa = PBXBuildFile; fileRef = BDBDF67CA0D5BC596F1176F9 /* Pods_Sozie.framework */; };
/* End PBXBuildFile section */

/* Begin PBXFileReference section */
		599321E0048D21A225A2482B /* Pods-Sozie.debug.xcconfig */ = {isa = PBXFileReference; includeInIndex = 1; lastKnownFileType = text.xcconfig; name = "Pods-Sozie.debug.xcconfig"; path = "Pods/Target Support Files/Pods-Sozie/Pods-Sozie.debug.xcconfig"; sourceTree = "<group>"; };
		61145CC021DB926600062332 /* ServerManager.swift */ = {isa = PBXFileReference; lastKnownFileType = sourcecode.swift; path = ServerManager.swift; sourceTree = "<group>"; };
		613F897821E897AA00EB48D2 /* Country.swift */ = {isa = PBXFileReference; lastKnownFileType = sourcecode.swift; path = Country.swift; sourceTree = "<group>"; };
		613F897A21E8AEF800EB48D2 /* LoginResponse.swift */ = {isa = PBXFileReference; lastKnownFileType = sourcecode.swift; path = LoginResponse.swift; sourceTree = "<group>"; };
		613F897C21E8C5FB00EB48D2 /* CustomError.swift */ = {isa = PBXFileReference; lastKnownFileType = sourcecode.swift; path = CustomError.swift; sourceTree = "<group>"; };
		614CEA4221F1E08F00FE5F9D /* GoogleService-Info.plist */ = {isa = PBXFileReference; fileEncoding = 4; lastKnownFileType = text.plist.xml; path = "GoogleService-Info.plist"; sourceTree = "<group>"; };
		614CEA4521F1E48600FE5F9D /* SocialAuthManager.swift */ = {isa = PBXFileReference; lastKnownFileType = sourcecode.swift; path = SocialAuthManager.swift; sourceTree = "<group>"; };
		617AC4FD21D3595500655C3C /* UploadProfilePictureVC.swift */ = {isa = PBXFileReference; lastKnownFileType = sourcecode.swift; path = UploadProfilePictureVC.swift; sourceTree = "<group>"; };
		617AC4FF21D38C6A00655C3C /* Sozie.entitlements */ = {isa = PBXFileReference; lastKnownFileType = text.plist.entitlements; path = Sozie.entitlements; sourceTree = "<group>"; };
		617CD12421DE229000D4C885 /* CountryCell.swift */ = {isa = PBXFileReference; lastKnownFileType = sourcecode.swift; path = CountryCell.swift; sourceTree = "<group>"; };
		617CD12521DE229000D4C885 /* CountryCell.xib */ = {isa = PBXFileReference; lastKnownFileType = file.xib; path = CountryCell.xib; sourceTree = "<group>"; };
		617CD12921DE286700D4C885 /* SignUpViewController.swift */ = {isa = PBXFileReference; fileEncoding = 4; lastKnownFileType = sourcecode.swift; path = SignUpViewController.swift; sourceTree = "<group>"; };
		617CD12B21DE288400D4C885 /* SelectCountryVC.swift */ = {isa = PBXFileReference; lastKnownFileType = sourcecode.swift; path = SelectCountryVC.swift; sourceTree = "<group>"; };
		617CD12D21DE3B2900D4C885 /* SignUpEmailVC.swift */ = {isa = PBXFileReference; lastKnownFileType = sourcecode.swift; path = SignUpEmailVC.swift; sourceTree = "<group>"; };
		618091C721EF43D0004B3347 /* UserDefaultManager.swift */ = {isa = PBXFileReference; lastKnownFileType = sourcecode.swift; path = UserDefaultManager.swift; sourceTree = "<group>"; };
		618091CA21F0BFEB004B3347 /* PopupController.swift */ = {isa = PBXFileReference; fileEncoding = 4; lastKnownFileType = sourcecode.swift; path = PopupController.swift; sourceTree = "<group>"; };
		6183FFCD21E747790090393E /* InviteFriendsVC.swift */ = {isa = PBXFileReference; lastKnownFileType = sourcecode.swift; path = InviteFriendsVC.swift; sourceTree = "<group>"; };
		6183FFCF21E756810090393E /* SelectWorkVC.swift */ = {isa = PBXFileReference; lastKnownFileType = sourcecode.swift; path = SelectWorkVC.swift; sourceTree = "<group>"; };
		6183FFD121E759920090393E /* WorkCell.swift */ = {isa = PBXFileReference; lastKnownFileType = sourcecode.swift; path = WorkCell.swift; sourceTree = "<group>"; };
		6183FFD221E759920090393E /* WorkCell.xib */ = {isa = PBXFileReference; lastKnownFileType = file.xib; path = WorkCell.xib; sourceTree = "<group>"; };
		6188C70221EC98A000B51EA1 /* SizeChartPopUpVC.swift */ = {isa = PBXFileReference; lastKnownFileType = sourcecode.swift; path = SizeChartPopUpVC.swift; sourceTree = "<group>"; };
		6188C70721ECA30200B51EA1 /* SizeCell.swift */ = {isa = PBXFileReference; lastKnownFileType = sourcecode.swift; path = SizeCell.swift; sourceTree = "<group>"; };
		619EC53021E5F95000E4AE02 /* SizeChart.swift */ = {isa = PBXFileReference; lastKnownFileType = sourcecode.swift; path = SizeChart.swift; sourceTree = "<group>"; };
		61A20A4F21E4B28A00B27C8E /* MeasurementsVC.swift */ = {isa = PBXFileReference; lastKnownFileType = sourcecode.swift; path = MeasurementsVC.swift; sourceTree = "<group>"; };
		61A20A5121E4D24300B27C8E /* CustomPickerTextField.swift */ = {isa = PBXFileReference; fileEncoding = 4; lastKnownFileType = sourcecode.swift; path = CustomPickerTextField.swift; sourceTree = "<group>"; };
		61A20A5321E4DE1D00B27C8E /* JSONDecoder+DecodeResponse.swift */ = {isa = PBXFileReference; lastKnownFileType = sourcecode.swift; path = "JSONDecoder+DecodeResponse.swift"; sourceTree = "<group>"; };
		61A20A5521E5DDAC00B27C8E /* SingleTextFieldCell.swift */ = {isa = PBXFileReference; lastKnownFileType = sourcecode.swift; path = SingleTextFieldCell.swift; sourceTree = "<group>"; };
		61A20A5621E5DDAC00B27C8E /* SingleTextFieldCell.xib */ = {isa = PBXFileReference; lastKnownFileType = file.xib; path = SingleTextFieldCell.xib; sourceTree = "<group>"; };
		61A20A5921E5DDBF00B27C8E /* DoubleTextFieldCell.swift */ = {isa = PBXFileReference; lastKnownFileType = sourcecode.swift; path = DoubleTextFieldCell.swift; sourceTree = "<group>"; };
		61A20A5A21E5DDBF00B27C8E /* DoubleTextFieldCell.xib */ = {isa = PBXFileReference; lastKnownFileType = file.xib; path = DoubleTextFieldCell.xib; sourceTree = "<group>"; };
		61BC873221E76244000AEA06 /* SearchNotFoundCell.swift */ = {isa = PBXFileReference; lastKnownFileType = sourcecode.swift; path = SearchNotFoundCell.swift; sourceTree = "<group>"; };
		61BC873321E76244000AEA06 /* SearchNotFoundCell.xib */ = {isa = PBXFileReference; lastKnownFileType = file.xib; path = SearchNotFoundCell.xib; sourceTree = "<group>"; };
		61BC873621E76C62000AEA06 /* Brand.swift */ = {isa = PBXFileReference; lastKnownFileType = sourcecode.swift; path = Brand.swift; sourceTree = "<group>"; };
		61FC98E321E4A548009C85FE /* SEGOEUII_1.TTF */ = {isa = PBXFileReference; lastKnownFileType = file; path = SEGOEUII_1.TTF; sourceTree = "<group>"; };
		69447FF921C7A017001A11A2 /* BaseViewController.swift */ = {isa = PBXFileReference; fileEncoding = 4; lastKnownFileType = sourcecode.swift; path = BaseViewController.swift; sourceTree = "<group>"; };
		6944800F21C7A017001A11A2 /* SignInViewController.swift */ = {isa = PBXFileReference; fileEncoding = 4; lastKnownFileType = sourcecode.swift; path = SignInViewController.swift; sourceTree = "<group>"; };
		6944801221C7A017001A11A2 /* Constants.swift */ = {isa = PBXFileReference; fileEncoding = 4; lastKnownFileType = sourcecode.swift; path = Constants.swift; sourceTree = "<group>"; };
		6944801521C7A017001A11A2 /* Styles.swift */ = {isa = PBXFileReference; fileEncoding = 4; lastKnownFileType = sourcecode.swift; path = Styles.swift; sourceTree = "<group>"; };
		6944801B21C7A017001A11A2 /* DayCell.xib */ = {isa = PBXFileReference; fileEncoding = 4; lastKnownFileType = file.xib; path = DayCell.xib; sourceTree = "<group>"; };
		6944801C21C7A017001A11A2 /* ScrollableDatepicker.swift */ = {isa = PBXFileReference; fileEncoding = 4; lastKnownFileType = sourcecode.swift; path = ScrollableDatepicker.swift; sourceTree = "<group>"; };
		6944801D21C7A017001A11A2 /* ScrollableDatepicker.xib */ = {isa = PBXFileReference; fileEncoding = 4; lastKnownFileType = file.xib; path = ScrollableDatepicker.xib; sourceTree = "<group>"; };
		6944801E21C7A017001A11A2 /* DayCell.swift */ = {isa = PBXFileReference; fileEncoding = 4; lastKnownFileType = sourcecode.swift; path = DayCell.swift; sourceTree = "<group>"; };
		6944801F21C7A017001A11A2 /* LoadableFromXibView.swift */ = {isa = PBXFileReference; fileEncoding = 4; lastKnownFileType = sourcecode.swift; path = LoadableFromXibView.swift; sourceTree = "<group>"; };
		6944802021C7A017001A11A2 /* Configuration.swift */ = {isa = PBXFileReference; fileEncoding = 4; lastKnownFileType = sourcecode.swift; path = Configuration.swift; sourceTree = "<group>"; };
		6944802121C7A017001A11A2 /* UtilityManager.swift */ = {isa = PBXFileReference; fileEncoding = 4; lastKnownFileType = sourcecode.swift; path = UtilityManager.swift; sourceTree = "<group>"; };
		6944803E21C7A017001A11A2 /* ApplicationManager.swift */ = {isa = PBXFileReference; fileEncoding = 4; lastKnownFileType = sourcecode.swift; path = ApplicationManager.swift; sourceTree = "<group>"; };
		6944803F21C7A017001A11A2 /* Router.swift */ = {isa = PBXFileReference; fileEncoding = 4; lastKnownFileType = sourcecode.swift; path = Router.swift; sourceTree = "<group>"; };
		6944804021C7A017001A11A2 /* DZImageView.swift */ = {isa = PBXFileReference; fileEncoding = 4; lastKnownFileType = sourcecode.swift; path = DZImageView.swift; sourceTree = "<group>"; };
		6944807421C7A017001A11A2 /* DatePickerTextField.swift */ = {isa = PBXFileReference; fileEncoding = 4; lastKnownFileType = sourcecode.swift; path = DatePickerTextField.swift; sourceTree = "<group>"; };
		6944807621C7A017001A11A2 /* DesignableImageView.swift */ = {isa = PBXFileReference; fileEncoding = 4; lastKnownFileType = sourcecode.swift; path = DesignableImageView.swift; sourceTree = "<group>"; };
		6944807721C7A017001A11A2 /* KeyboardLayoutConstraint.swift */ = {isa = PBXFileReference; fileEncoding = 4; lastKnownFileType = sourcecode.swift; path = KeyboardLayoutConstraint.swift; sourceTree = "<group>"; };
		6944807821C7A017001A11A2 /* TransitionManager.swift */ = {isa = PBXFileReference; fileEncoding = 4; lastKnownFileType = sourcecode.swift; path = TransitionManager.swift; sourceTree = "<group>"; };
		6944807921C7A017001A11A2 /* TransitionZoom.swift */ = {isa = PBXFileReference; fileEncoding = 4; lastKnownFileType = sourcecode.swift; path = TransitionZoom.swift; sourceTree = "<group>"; };
		6944807A21C7A017001A11A2 /* ImageLoader.swift */ = {isa = PBXFileReference; fileEncoding = 4; lastKnownFileType = sourcecode.swift; path = ImageLoader.swift; sourceTree = "<group>"; };
		6944807B21C7A017001A11A2 /* Spring.swift */ = {isa = PBXFileReference; fileEncoding = 4; lastKnownFileType = sourcecode.swift; path = Spring.swift; sourceTree = "<group>"; };
		6944807C21C7A017001A11A2 /* SpringImageView.swift */ = {isa = PBXFileReference; fileEncoding = 4; lastKnownFileType = sourcecode.swift; path = SpringImageView.swift; sourceTree = "<group>"; };
		6944807D21C7A017001A11A2 /* DesignableLabel.swift */ = {isa = PBXFileReference; fileEncoding = 4; lastKnownFileType = sourcecode.swift; path = DesignableLabel.swift; sourceTree = "<group>"; };
		6944807E21C7A017001A11A2 /* SoundPlayer.swift */ = {isa = PBXFileReference; fileEncoding = 4; lastKnownFileType = sourcecode.swift; path = SoundPlayer.swift; sourceTree = "<group>"; };
		6944807F21C7A017001A11A2 /* BlurView.swift */ = {isa = PBXFileReference; fileEncoding = 4; lastKnownFileType = sourcecode.swift; path = BlurView.swift; sourceTree = "<group>"; };
		6944808021C7A017001A11A2 /* DesignableTextField.swift */ = {isa = PBXFileReference; fileEncoding = 4; lastKnownFileType = sourcecode.swift; path = DesignableTextField.swift; sourceTree = "<group>"; };
		6944808121C7A017001A11A2 /* SpringButton.swift */ = {isa = PBXFileReference; fileEncoding = 4; lastKnownFileType = sourcecode.swift; path = SpringButton.swift; sourceTree = "<group>"; };
		6944808221C7A017001A11A2 /* SpringTextView.swift */ = {isa = PBXFileReference; fileEncoding = 4; lastKnownFileType = sourcecode.swift; path = SpringTextView.swift; sourceTree = "<group>"; };
		6944808321C7A017001A11A2 /* Misc.swift */ = {isa = PBXFileReference; fileEncoding = 4; lastKnownFileType = sourcecode.swift; path = Misc.swift; sourceTree = "<group>"; };
		6944808421C7A017001A11A2 /* SpringView.swift */ = {isa = PBXFileReference; fileEncoding = 4; lastKnownFileType = sourcecode.swift; path = SpringView.swift; sourceTree = "<group>"; };
		6944808521C7A017001A11A2 /* DesignableButton.swift */ = {isa = PBXFileReference; fileEncoding = 4; lastKnownFileType = sourcecode.swift; path = DesignableButton.swift; sourceTree = "<group>"; };
		6944808621C7A017001A11A2 /* SpringTextField.swift */ = {isa = PBXFileReference; fileEncoding = 4; lastKnownFileType = sourcecode.swift; path = SpringTextField.swift; sourceTree = "<group>"; };
		6944808721C7A017001A11A2 /* DesignableView.swift */ = {isa = PBXFileReference; fileEncoding = 4; lastKnownFileType = sourcecode.swift; path = DesignableView.swift; sourceTree = "<group>"; };
		6944808821C7A017001A11A2 /* DesignableTabBarController.swift */ = {isa = PBXFileReference; fileEncoding = 4; lastKnownFileType = sourcecode.swift; path = DesignableTabBarController.swift; sourceTree = "<group>"; };
		6944808921C7A017001A11A2 /* AsyncButton.swift */ = {isa = PBXFileReference; fileEncoding = 4; lastKnownFileType = sourcecode.swift; path = AsyncButton.swift; sourceTree = "<group>"; };
		6944808A21C7A017001A11A2 /* LoadingView.xib */ = {isa = PBXFileReference; fileEncoding = 4; lastKnownFileType = file.xib; path = LoadingView.xib; sourceTree = "<group>"; };
		6944808B21C7A017001A11A2 /* SpringLabel.swift */ = {isa = PBXFileReference; fileEncoding = 4; lastKnownFileType = sourcecode.swift; path = SpringLabel.swift; sourceTree = "<group>"; };
		6944808D21C7A017001A11A2 /* DesignableTextView.swift */ = {isa = PBXFileReference; fileEncoding = 4; lastKnownFileType = sourcecode.swift; path = DesignableTextView.swift; sourceTree = "<group>"; };
		6944808E21C7A017001A11A2 /* AutoTextView.swift */ = {isa = PBXFileReference; fileEncoding = 4; lastKnownFileType = sourcecode.swift; path = AutoTextView.swift; sourceTree = "<group>"; };
		6944808F21C7A017001A11A2 /* SpringAnimation.swift */ = {isa = PBXFileReference; fileEncoding = 4; lastKnownFileType = sourcecode.swift; path = SpringAnimation.swift; sourceTree = "<group>"; };
		6944809021C7A017001A11A2 /* UnwindSegue.swift */ = {isa = PBXFileReference; fileEncoding = 4; lastKnownFileType = sourcecode.swift; path = UnwindSegue.swift; sourceTree = "<group>"; };
		6944809121C7A017001A11A2 /* LoadingView.swift */ = {isa = PBXFileReference; fileEncoding = 4; lastKnownFileType = sourcecode.swift; path = LoadingView.swift; sourceTree = "<group>"; };
		6944809321C7A017001A11A2 /* AsyncImageView.swift */ = {isa = PBXFileReference; fileEncoding = 4; lastKnownFileType = sourcecode.swift; path = AsyncImageView.swift; sourceTree = "<group>"; };
		6944809D21C7A018001A11A2 /* User.swift */ = {isa = PBXFileReference; fileEncoding = 4; lastKnownFileType = sourcecode.swift; path = User.swift; sourceTree = "<group>"; };
		6944817521C7A9ED001A11A2 /* LandingViewController.swift */ = {isa = PBXFileReference; lastKnownFileType = sourcecode.swift; path = LandingViewController.swift; sourceTree = "<group>"; };
		69854D6821C8CA6D0092672D /* segoeui.ttf */ = {isa = PBXFileReference; lastKnownFileType = file; path = segoeui.ttf; sourceTree = "<group>"; };
		69854D6921C8CA6D0092672D /* segoeuib.ttf */ = {isa = PBXFileReference; lastKnownFileType = file; path = segoeuib.ttf; sourceTree = "<group>"; };
		69854D6E21C8D88A0092672D /* DZGradientView.swift */ = {isa = PBXFileReference; fileEncoding = 4; lastKnownFileType = sourcecode.swift; path = DZGradientView.swift; sourceTree = "<group>"; };
		69854D7021C8D9C70092672D /* DZGradientButton.swift */ = {isa = PBXFileReference; lastKnownFileType = sourcecode.swift; path = DZGradientButton.swift; sourceTree = "<group>"; };
		69854D7221C8DC610092672D /* seguisb.ttf */ = {isa = PBXFileReference; lastKnownFileType = file; path = seguisb.ttf; sourceTree = "<group>"; };
		6998E7D921C77778009DFBEF /* Sozie.app */ = {isa = PBXFileReference; explicitFileType = wrapper.application; includeInIndex = 0; path = Sozie.app; sourceTree = BUILT_PRODUCTS_DIR; };
		6998E7DC21C77778009DFBEF /* AppDelegate.swift */ = {isa = PBXFileReference; lastKnownFileType = sourcecode.swift; path = AppDelegate.swift; sourceTree = "<group>"; };
		6998E7E121C77778009DFBEF /* Base */ = {isa = PBXFileReference; lastKnownFileType = file.storyboard; name = Base; path = Base.lproj/Main.storyboard; sourceTree = "<group>"; };
		6998E7E321C77779009DFBEF /* Assets.xcassets */ = {isa = PBXFileReference; lastKnownFileType = folder.assetcatalog; path = Assets.xcassets; sourceTree = "<group>"; };
		6998E7E621C77779009DFBEF /* Base */ = {isa = PBXFileReference; lastKnownFileType = file.storyboard; name = Base; path = Base.lproj/LaunchScreen.storyboard; sourceTree = "<group>"; };
		6998E7E821C77779009DFBEF /* Info.plist */ = {isa = PBXFileReference; lastKnownFileType = text.plist.xml; path = Info.plist; sourceTree = "<group>"; };
		69DA9A1421CB9B3A008D8FEB /* MainTabBarController.swift */ = {isa = PBXFileReference; fileEncoding = 4; lastKnownFileType = sourcecode.swift; path = MainTabBarController.swift; sourceTree = "<group>"; };
		69DA9A1621CBC6A0008D8FEB /* DZValidator.swift */ = {isa = PBXFileReference; lastKnownFileType = sourcecode.swift; path = DZValidator.swift; sourceTree = "<group>"; };
		BDBDF67CA0D5BC596F1176F9 /* Pods_Sozie.framework */ = {isa = PBXFileReference; explicitFileType = wrapper.framework; includeInIndex = 0; path = Pods_Sozie.framework; sourceTree = BUILT_PRODUCTS_DIR; };
		F98D7C614A0527D488B85DC8 /* Pods-Sozie.release.xcconfig */ = {isa = PBXFileReference; includeInIndex = 1; lastKnownFileType = text.xcconfig; name = "Pods-Sozie.release.xcconfig"; path = "Pods/Target Support Files/Pods-Sozie/Pods-Sozie.release.xcconfig"; sourceTree = "<group>"; };
/* End PBXFileReference section */

/* Begin PBXFrameworksBuildPhase section */
		6998E7D621C77778009DFBEF /* Frameworks */ = {
			isa = PBXFrameworksBuildPhase;
			buildActionMask = 2147483647;
			files = (
				E417DCD0989C188C9CE6722B /* Pods_Sozie.framework in Frameworks */,
			);
			runOnlyForDeploymentPostprocessing = 0;
		};
/* End PBXFrameworksBuildPhase section */

/* Begin PBXGroup section */
		57DBE9031E8C78777537FE26 /* Pods */ = {
			isa = PBXGroup;
			children = (
				599321E0048D21A225A2482B /* Pods-Sozie.debug.xcconfig */,
				F98D7C614A0527D488B85DC8 /* Pods-Sozie.release.xcconfig */,
			);
			name = Pods;
			sourceTree = "<group>";
		};
		614CEA4121F1E08F00FE5F9D /* GooglePlist */ = {
			isa = PBXGroup;
			children = (
				614CEA4221F1E08F00FE5F9D /* GoogleService-Info.plist */,
			);
			path = GooglePlist;
			sourceTree = "<group>";
		};
		614CEA4421F1E46800FE5F9D /* SocialManager */ = {
			isa = PBXGroup;
			children = (
				614CEA4521F1E48600FE5F9D /* SocialAuthManager.swift */,
			);
			path = SocialManager;
			sourceTree = "<group>";
		};
		617CD12321DE226600D4C885 /* CustomControls */ = {
			isa = PBXGroup;
			children = (
				6188C70421ECA2C200B51EA1 /* CollectionViewCells */,
				617CD12421DE229000D4C885 /* CountryCell.swift */,
				617CD12521DE229000D4C885 /* CountryCell.xib */,
				61A20A5521E5DDAC00B27C8E /* SingleTextFieldCell.swift */,
				61A20A5621E5DDAC00B27C8E /* SingleTextFieldCell.xib */,
				61A20A5921E5DDBF00B27C8E /* DoubleTextFieldCell.swift */,
				61A20A5A21E5DDBF00B27C8E /* DoubleTextFieldCell.xib */,
				6183FFD121E759920090393E /* WorkCell.swift */,
				6183FFD221E759920090393E /* WorkCell.xib */,
				61BC873221E76244000AEA06 /* SearchNotFoundCell.swift */,
				61BC873321E76244000AEA06 /* SearchNotFoundCell.xib */,
			);
			path = CustomControls;
			sourceTree = "<group>";
		};
		617CD12821DE284F00D4C885 /* SignUp */ = {
			isa = PBXGroup;
			children = (
				617CD12B21DE288400D4C885 /* SelectCountryVC.swift */,
				6183FFCF21E756810090393E /* SelectWorkVC.swift */,
				617CD12D21DE3B2900D4C885 /* SignUpEmailVC.swift */,
				617CD12921DE286700D4C885 /* SignUpViewController.swift */,
				61A20A4F21E4B28A00B27C8E /* MeasurementsVC.swift */,
				6183FFCD21E747790090393E /* InviteFriendsVC.swift */,
				6188C70221EC98A000B51EA1 /* SizeChartPopUpVC.swift */,
			);
			path = SignUp;
			sourceTree = "<group>";
		};
		618091C921F0BFEB004B3347 /* ThirdParty */ = {
			isa = PBXGroup;
			children = (
				618091CA21F0BFEB004B3347 /* PopupController.swift */,
			);
			path = ThirdParty;
			sourceTree = "<group>";
		};
		6188C70421ECA2C200B51EA1 /* CollectionViewCells */ = {
			isa = PBXGroup;
			children = (
				6188C70721ECA30200B51EA1 /* SizeCell.swift */,
			);
			path = CollectionViewCells;
			sourceTree = "<group>";
		};
		69447FDF21C7A017001A11A2 /* Fonts */ = {
			isa = PBXGroup;
			children = (
				61FC98E321E4A548009C85FE /* SEGOEUII_1.TTF */,
				69854D6821C8CA6D0092672D /* segoeui.ttf */,
				69854D6921C8CA6D0092672D /* segoeuib.ttf */,
				69854D7221C8DC610092672D /* seguisb.ttf */,
			);
			path = Fonts;
			sourceTree = "<group>";
		};
		69447FF221C7A017001A11A2 /* Controllers */ = {
			isa = PBXGroup;
			children = (
				617CD12821DE284F00D4C885 /* SignUp */,
				69DA9A1421CB9B3A008D8FEB /* MainTabBarController.swift */,
				69447FF921C7A017001A11A2 /* BaseViewController.swift */,
				6944800F21C7A017001A11A2 /* SignInViewController.swift */,
				6944817521C7A9ED001A11A2 /* LandingViewController.swift */,
				617AC4FD21D3595500655C3C /* UploadProfilePictureVC.swift */,
			);
			path = Controllers;
			sourceTree = "<group>";
		};
		6944801121C7A017001A11A2 /* Utilities */ = {
			isa = PBXGroup;
			children = (
				6944801A21C7A017001A11A2 /* DatePicker */,
				6944807521C7A017001A11A2 /* Spring */,
				6944803E21C7A017001A11A2 /* ApplicationManager.swift */,
				6944801221C7A017001A11A2 /* Constants.swift */,
				6944807421C7A017001A11A2 /* DatePickerTextField.swift */,
				61A20A5121E4D24300B27C8E /* CustomPickerTextField.swift */,
				69854D7021C8D9C70092672D /* DZGradientButton.swift */,
				69854D6E21C8D88A0092672D /* DZGradientView.swift */,
				6944804021C7A017001A11A2 /* DZImageView.swift */,
				6944803F21C7A017001A11A2 /* Router.swift */,
				6944801521C7A017001A11A2 /* Styles.swift */,
				6944802121C7A017001A11A2 /* UtilityManager.swift */,
				69DA9A1621CBC6A0008D8FEB /* DZValidator.swift */,
				61145CC021DB926600062332 /* ServerManager.swift */,
				61A20A5321E4DE1D00B27C8E /* JSONDecoder+DecodeResponse.swift */,
				613F897C21E8C5FB00EB48D2 /* CustomError.swift */,
				618091C721EF43D0004B3347 /* UserDefaultManager.swift */,
			);
			path = Utilities;
			sourceTree = "<group>";
		};
		6944801A21C7A017001A11A2 /* DatePicker */ = {
			isa = PBXGroup;
			children = (
				6944801B21C7A017001A11A2 /* DayCell.xib */,
				6944801C21C7A017001A11A2 /* ScrollableDatepicker.swift */,
				6944801D21C7A017001A11A2 /* ScrollableDatepicker.xib */,
				6944801E21C7A017001A11A2 /* DayCell.swift */,
				6944801F21C7A017001A11A2 /* LoadableFromXibView.swift */,
				6944802021C7A017001A11A2 /* Configuration.swift */,
			);
			path = DatePicker;
			sourceTree = "<group>";
		};
		6944807521C7A017001A11A2 /* Spring */ = {
			isa = PBXGroup;
			children = (
				6944808921C7A017001A11A2 /* AsyncButton.swift */,
				6944809321C7A017001A11A2 /* AsyncImageView.swift */,
				6944808E21C7A017001A11A2 /* AutoTextView.swift */,
				6944807F21C7A017001A11A2 /* BlurView.swift */,
				6944808521C7A017001A11A2 /* DesignableButton.swift */,
				6944807621C7A017001A11A2 /* DesignableImageView.swift */,
				6944807D21C7A017001A11A2 /* DesignableLabel.swift */,
				6944808821C7A017001A11A2 /* DesignableTabBarController.swift */,
				6944808021C7A017001A11A2 /* DesignableTextField.swift */,
				6944808D21C7A017001A11A2 /* DesignableTextView.swift */,
				6944808721C7A017001A11A2 /* DesignableView.swift */,
				6944807A21C7A017001A11A2 /* ImageLoader.swift */,
				6944807721C7A017001A11A2 /* KeyboardLayoutConstraint.swift */,
				6944809121C7A017001A11A2 /* LoadingView.swift */,
				6944808A21C7A017001A11A2 /* LoadingView.xib */,
				6944808321C7A017001A11A2 /* Misc.swift */,
				6944807E21C7A017001A11A2 /* SoundPlayer.swift */,
				6944807B21C7A017001A11A2 /* Spring.swift */,
				6944808F21C7A017001A11A2 /* SpringAnimation.swift */,
				6944808121C7A017001A11A2 /* SpringButton.swift */,
				6944807C21C7A017001A11A2 /* SpringImageView.swift */,
				6944808B21C7A017001A11A2 /* SpringLabel.swift */,
				6944808621C7A017001A11A2 /* SpringTextField.swift */,
				6944808221C7A017001A11A2 /* SpringTextView.swift */,
				6944808421C7A017001A11A2 /* SpringView.swift */,
				6944807821C7A017001A11A2 /* TransitionManager.swift */,
				6944807921C7A017001A11A2 /* TransitionZoom.swift */,
				6944809021C7A017001A11A2 /* UnwindSegue.swift */,
			);
			path = Spring;
			sourceTree = "<group>";
		};
		6944809421C7A018001A11A2 /* Models */ = {
			isa = PBXGroup;
			children = (
				6944809D21C7A018001A11A2 /* User.swift */,
				619EC53021E5F95000E4AE02 /* SizeChart.swift */,
				61BC873621E76C62000AEA06 /* Brand.swift */,
				613F897821E897AA00EB48D2 /* Country.swift */,
				613F897A21E8AEF800EB48D2 /* LoginResponse.swift */,
			);
			path = Models;
			sourceTree = "<group>";
		};
		694480A421C7A018001A11A2 /* Views */ = {
			isa = PBXGroup;
			children = (
			);
			path = Views;
			sourceTree = "<group>";
		};
		6998E7D021C77778009DFBEF = {
			isa = PBXGroup;
			children = (
				6998E7DB21C77778009DFBEF /* Sozie */,
				6998E7DA21C77778009DFBEF /* Products */,
				57DBE9031E8C78777537FE26 /* Pods */,
				9FCA74413CAF87C22BD8D93F /* Frameworks */,
			);
			sourceTree = "<group>";
		};
		6998E7DA21C77778009DFBEF /* Products */ = {
			isa = PBXGroup;
			children = (
				6998E7D921C77778009DFBEF /* Sozie.app */,
			);
			name = Products;
			sourceTree = "<group>";
		};
		6998E7DB21C77778009DFBEF /* Sozie */ = {
			isa = PBXGroup;
			children = (
				614CEA4421F1E46800FE5F9D /* SocialManager */,
				614CEA4121F1E08F00FE5F9D /* GooglePlist */,
				618091C921F0BFEB004B3347 /* ThirdParty */,
				617CD12321DE226600D4C885 /* CustomControls */,
				617AC4FF21D38C6A00655C3C /* Sozie.entitlements */,
				69447FF221C7A017001A11A2 /* Controllers */,
				69447FDF21C7A017001A11A2 /* Fonts */,
				6944809421C7A018001A11A2 /* Models */,
				6944801121C7A017001A11A2 /* Utilities */,
				694480A421C7A018001A11A2 /* Views */,
				6998E7DC21C77778009DFBEF /* AppDelegate.swift */,
				6998E7E021C77778009DFBEF /* Main.storyboard */,
				6998E7E321C77779009DFBEF /* Assets.xcassets */,
				6998E7E521C77779009DFBEF /* LaunchScreen.storyboard */,
				6998E7E821C77779009DFBEF /* Info.plist */,
			);
			path = Sozie;
			sourceTree = "<group>";
		};
		9FCA74413CAF87C22BD8D93F /* Frameworks */ = {
			isa = PBXGroup;
			children = (
				BDBDF67CA0D5BC596F1176F9 /* Pods_Sozie.framework */,
			);
			name = Frameworks;
			sourceTree = "<group>";
		};
/* End PBXGroup section */

/* Begin PBXNativeTarget section */
		6998E7D821C77778009DFBEF /* Sozie */ = {
			isa = PBXNativeTarget;
			buildConfigurationList = 6998E7EB21C77779009DFBEF /* Build configuration list for PBXNativeTarget "Sozie" */;
			buildPhases = (
				543CE1B46035D98D23910295 /* [CP] Check Pods Manifest.lock */,
				6998E7D521C77778009DFBEF /* Sources */,
				6998E7D621C77778009DFBEF /* Frameworks */,
				6998E7D721C77778009DFBEF /* Resources */,
				E8874CA3E3421222BA772B7D /* [CP] Copy Pods Resources */,
				0F2B9975FDECE7491E45956A /* [CP] Embed Pods Frameworks */,
			);
			buildRules = (
			);
			dependencies = (
			);
			name = Sozie;
			productName = Sozie;
			productReference = 6998E7D921C77778009DFBEF /* Sozie.app */;
			productType = "com.apple.product-type.application";
		};
/* End PBXNativeTarget section */

/* Begin PBXProject section */
		6998E7D121C77778009DFBEF /* Project object */ = {
			isa = PBXProject;
			attributes = {
				LastSwiftUpdateCheck = 1000;
				LastUpgradeCheck = 1000;
				ORGANIZATIONNAME = "Danial Zahid";
				TargetAttributes = {
					6998E7D821C77778009DFBEF = {
						CreatedOnToolsVersion = 10.0;
						SystemCapabilities = {
							com.apple.Push = {
								enabled = 1;
							};
						};
					};
				};
			};
			buildConfigurationList = 6998E7D421C77778009DFBEF /* Build configuration list for PBXProject "Sozie" */;
			compatibilityVersion = "Xcode 9.3";
			developmentRegion = en;
			hasScannedForEncodings = 0;
			knownRegions = (
				en,
				Base,
			);
			mainGroup = 6998E7D021C77778009DFBEF;
			productRefGroup = 6998E7DA21C77778009DFBEF /* Products */;
			projectDirPath = "";
			projectRoot = "";
			targets = (
				6998E7D821C77778009DFBEF /* Sozie */,
			);
		};
/* End PBXProject section */

/* Begin PBXResourcesBuildPhase section */
		6998E7D721C77778009DFBEF /* Resources */ = {
			isa = PBXResourcesBuildPhase;
			buildActionMask = 2147483647;
			files = (
				61BC873521E76244000AEA06 /* SearchNotFoundCell.xib in Resources */,
				61A20A5821E5DDAC00B27C8E /* SingleTextFieldCell.xib in Resources */,
				614CEA4321F1E08F00FE5F9D /* GoogleService-Info.plist in Resources */,
				694480F321C7A018001A11A2 /* ScrollableDatepicker.xib in Resources */,
				6944814921C7A018001A11A2 /* LoadingView.xib in Resources */,
				69854D6A21C8CA6D0092672D /* segoeui.ttf in Resources */,
				617CD12721DE229000D4C885 /* CountryCell.xib in Resources */,
				69854D6B21C8CA6D0092672D /* segoeuib.ttf in Resources */,
				6998E7E721C77779009DFBEF /* LaunchScreen.storyboard in Resources */,
				6183FFD421E759920090393E /* WorkCell.xib in Resources */,
				61FC98E421E4A549009C85FE /* SEGOEUII_1.TTF in Resources */,
				61A20A5C21E5DDBF00B27C8E /* DoubleTextFieldCell.xib in Resources */,
				694480F121C7A018001A11A2 /* DayCell.xib in Resources */,
				6998E7E421C77779009DFBEF /* Assets.xcassets in Resources */,
				6998E7E221C77778009DFBEF /* Main.storyboard in Resources */,
			);
			runOnlyForDeploymentPostprocessing = 0;
		};
/* End PBXResourcesBuildPhase section */

/* Begin PBXShellScriptBuildPhase section */
		0F2B9975FDECE7491E45956A /* [CP] Embed Pods Frameworks */ = {
			isa = PBXShellScriptBuildPhase;
			buildActionMask = 2147483647;
			files = (
			);
			inputFileListPaths = (
			);
			inputPaths = (
				"${SRCROOT}/Pods/Target Support Files/Pods-Sozie/Pods-Sozie-frameworks.sh",
				"${BUILT_PRODUCTS_DIR}/Alamofire/Alamofire.framework",
				"${BUILT_PRODUCTS_DIR}/Bolts/Bolts.framework",
				"${BUILT_PRODUCTS_DIR}/FBSDKCoreKit/FBSDKCoreKit.framework",
				"${BUILT_PRODUCTS_DIR}/FBSDKLoginKit/FBSDKLoginKit.framework",
				"${BUILT_PRODUCTS_DIR}/GTMSessionFetcher/GTMSessionFetcher.framework",
				"${BUILT_PRODUCTS_DIR}/GoogleToolboxForMac/GoogleToolboxForMac.framework",
				"${BUILT_PRODUCTS_DIR}/MaterialTextField/MaterialTextField.framework",
				"${BUILT_PRODUCTS_DIR}/SDWebImage/SDWebImage.framework",
				"${BUILT_PRODUCTS_DIR}/SVProgressHUD/SVProgressHUD.framework",
				"${BUILT_PRODUCTS_DIR}/SnapKit/SnapKit.framework",
				"${BUILT_PRODUCTS_DIR}/SwiftValidator/SwiftValidator.framework",
			);
			name = "[CP] Embed Pods Frameworks";
			outputFileListPaths = (
			);
			outputPaths = (
				"${TARGET_BUILD_DIR}/${FRAMEWORKS_FOLDER_PATH}/Alamofire.framework",
				"${TARGET_BUILD_DIR}/${FRAMEWORKS_FOLDER_PATH}/Bolts.framework",
				"${TARGET_BUILD_DIR}/${FRAMEWORKS_FOLDER_PATH}/FBSDKCoreKit.framework",
				"${TARGET_BUILD_DIR}/${FRAMEWORKS_FOLDER_PATH}/FBSDKLoginKit.framework",
				"${TARGET_BUILD_DIR}/${FRAMEWORKS_FOLDER_PATH}/GTMSessionFetcher.framework",
				"${TARGET_BUILD_DIR}/${FRAMEWORKS_FOLDER_PATH}/GoogleToolboxForMac.framework",
				"${TARGET_BUILD_DIR}/${FRAMEWORKS_FOLDER_PATH}/MaterialTextField.framework",
				"${TARGET_BUILD_DIR}/${FRAMEWORKS_FOLDER_PATH}/SDWebImage.framework",
				"${TARGET_BUILD_DIR}/${FRAMEWORKS_FOLDER_PATH}/SVProgressHUD.framework",
				"${TARGET_BUILD_DIR}/${FRAMEWORKS_FOLDER_PATH}/SnapKit.framework",
				"${TARGET_BUILD_DIR}/${FRAMEWORKS_FOLDER_PATH}/SwiftValidator.framework",
			);
			runOnlyForDeploymentPostprocessing = 0;
			shellPath = /bin/sh;
			shellScript = "\"${SRCROOT}/Pods/Target Support Files/Pods-Sozie/Pods-Sozie-frameworks.sh\"\n";
			showEnvVarsInLog = 0;
		};
		543CE1B46035D98D23910295 /* [CP] Check Pods Manifest.lock */ = {
			isa = PBXShellScriptBuildPhase;
			buildActionMask = 2147483647;
			files = (
			);
			inputFileListPaths = (
			);
			inputPaths = (
				"${PODS_PODFILE_DIR_PATH}/Podfile.lock",
				"${PODS_ROOT}/Manifest.lock",
			);
			name = "[CP] Check Pods Manifest.lock";
			outputFileListPaths = (
			);
			outputPaths = (
				"$(DERIVED_FILE_DIR)/Pods-Sozie-checkManifestLockResult.txt",
			);
			runOnlyForDeploymentPostprocessing = 0;
			shellPath = /bin/sh;
			shellScript = "diff \"${PODS_PODFILE_DIR_PATH}/Podfile.lock\" \"${PODS_ROOT}/Manifest.lock\" > /dev/null\nif [ $? != 0 ] ; then\n    # print error to STDERR\n    echo \"error: The sandbox is not in sync with the Podfile.lock. Run 'pod install' or update your CocoaPods installation.\" >&2\n    exit 1\nfi\n# This output is used by Xcode 'outputs' to avoid re-running this script phase.\necho \"SUCCESS\" > \"${SCRIPT_OUTPUT_FILE_0}\"\n";
			showEnvVarsInLog = 0;
		};
		E8874CA3E3421222BA772B7D /* [CP] Copy Pods Resources */ = {
			isa = PBXShellScriptBuildPhase;
			buildActionMask = 2147483647;
			files = (
			);
			inputFileListPaths = (
			);
			inputPaths = (
				"${SRCROOT}/Pods/Target Support Files/Pods-Sozie/Pods-Sozie-resources.sh",
				"${PODS_ROOT}/GoogleSignIn/Resources/GoogleSignIn.bundle",
			);
			name = "[CP] Copy Pods Resources";
			outputFileListPaths = (
			);
			outputPaths = (
				"${TARGET_BUILD_DIR}/${UNLOCALIZED_RESOURCES_FOLDER_PATH}/GoogleSignIn.bundle",
			);
			runOnlyForDeploymentPostprocessing = 0;
			shellPath = /bin/sh;
			shellScript = "\"${SRCROOT}/Pods/Target Support Files/Pods-Sozie/Pods-Sozie-resources.sh\"\n";
			showEnvVarsInLog = 0;
		};
/* End PBXShellScriptBuildPhase section */

/* Begin PBXSourcesBuildPhase section */
		6998E7D521C77778009DFBEF /* Sources */ = {
			isa = PBXSourcesBuildPhase;
			buildActionMask = 2147483647;
			files = (
				6944813421C7A018001A11A2 /* DatePickerTextField.swift in Sources */,
				61A20A5721E5DDAC00B27C8E /* SingleTextFieldCell.swift in Sources */,
				61A20A5221E4D24300B27C8E /* CustomPickerTextField.swift in Sources */,
				61A20A5021E4B28A00B27C8E /* MeasurementsVC.swift in Sources */,
				69DA9A1521CB9B3A008D8FEB /* MainTabBarController.swift in Sources */,
				694480ED21C7A018001A11A2 /* Styles.swift in Sources */,
				6944814D21C7A018001A11A2 /* SpringAnimation.swift in Sources */,
				6944814B21C7A018001A11A2 /* DesignableTextView.swift in Sources */,
				6944814A21C7A018001A11A2 /* SpringLabel.swift in Sources */,
				69854D6F21C8D88A0092672D /* DZGradientView.swift in Sources */,
				6944810A21C7A018001A11A2 /* ApplicationManager.swift in Sources */,
				617CD12621DE229000D4C885 /* CountryCell.swift in Sources */,
				6944810C21C7A018001A11A2 /* DZImageView.swift in Sources */,
				61BC873721E76C62000AEA06 /* Brand.swift in Sources */,
				6944813821C7A018001A11A2 /* TransitionZoom.swift in Sources */,
				6944814E21C7A018001A11A2 /* UnwindSegue.swift in Sources */,
				613F897D21E8C5FB00EB48D2 /* CustomError.swift in Sources */,
				6944813E21C7A018001A11A2 /* BlurView.swift in Sources */,
				614CEA4621F1E48600FE5F9D /* SocialAuthManager.swift in Sources */,
				6944813621C7A018001A11A2 /* KeyboardLayoutConstraint.swift in Sources */,
				6944814C21C7A018001A11A2 /* AutoTextView.swift in Sources */,
				694480EA21C7A018001A11A2 /* Constants.swift in Sources */,
				613F897B21E8AEF800EB48D2 /* LoginResponse.swift in Sources */,
				6183FFCE21E747790090393E /* InviteFriendsVC.swift in Sources */,
				6944813B21C7A018001A11A2 /* SpringImageView.swift in Sources */,
				694480E821C7A018001A11A2 /* SignInViewController.swift in Sources */,
				6183FFD321E759920090393E /* WorkCell.swift in Sources */,
				6998E7DD21C77778009DFBEF /* AppDelegate.swift in Sources */,
				617AC4FE21D3595500655C3C /* UploadProfilePictureVC.swift in Sources */,
				694480F521C7A018001A11A2 /* LoadableFromXibView.swift in Sources */,
				617CD12C21DE288400D4C885 /* SelectCountryVC.swift in Sources */,
				6944814521C7A018001A11A2 /* SpringTextField.swift in Sources */,
				61BC873421E76244000AEA06 /* SearchNotFoundCell.swift in Sources */,
				6944817621C7A9ED001A11A2 /* LandingViewController.swift in Sources */,
				6944814F21C7A018001A11A2 /* LoadingView.swift in Sources */,
				618091C821EF43D0004B3347 /* UserDefaultManager.swift in Sources */,
				61A20A5B21E5DDBF00B27C8E /* DoubleTextFieldCell.swift in Sources */,
				6944810B21C7A018001A11A2 /* Router.swift in Sources */,
				6944813921C7A018001A11A2 /* ImageLoader.swift in Sources */,
				69854D7121C8D9C70092672D /* DZGradientButton.swift in Sources */,
				6944814621C7A018001A11A2 /* DesignableView.swift in Sources */,
				69DA9A1721CBC6A0008D8FEB /* DZValidator.swift in Sources */,
				61145CC121DB926700062332 /* ServerManager.swift in Sources */,
				694480F421C7A018001A11A2 /* DayCell.swift in Sources */,
				61A20A5421E4DE1D00B27C8E /* JSONDecoder+DecodeResponse.swift in Sources */,
				6188C70321EC98A000B51EA1 /* SizeChartPopUpVC.swift in Sources */,
				6944813F21C7A018001A11A2 /* DesignableTextField.swift in Sources */,
				694480F221C7A018001A11A2 /* ScrollableDatepicker.swift in Sources */,
				613F897921E897AA00EB48D2 /* Country.swift in Sources */,
				6944814821C7A018001A11A2 /* AsyncButton.swift in Sources */,
				6944815921C7A018001A11A2 /* User.swift in Sources */,
				618091CB21F0BFEB004B3347 /* PopupController.swift in Sources */,
				6944813521C7A018001A11A2 /* DesignableImageView.swift in Sources */,
				617CD12E21DE3B2900D4C885 /* SignUpEmailVC.swift in Sources */,
				6944814421C7A018001A11A2 /* DesignableButton.swift in Sources */,
				694480D221C7A018001A11A2 /* BaseViewController.swift in Sources */,
				6944814021C7A018001A11A2 /* SpringButton.swift in Sources */,
				619EC53121E5F95000E4AE02 /* SizeChart.swift in Sources */,
				694480F621C7A018001A11A2 /* Configuration.swift in Sources */,
				6944814221C7A018001A11A2 /* Misc.swift in Sources */,
				694480F721C7A018001A11A2 /* UtilityManager.swift in Sources */,
				6944813D21C7A018001A11A2 /* SoundPlayer.swift in Sources */,
				6944814321C7A018001A11A2 /* SpringView.swift in Sources */,
				6944815121C7A018001A11A2 /* AsyncImageView.swift in Sources */,
				6188C70821ECA30200B51EA1 /* SizeCell.swift in Sources */,
				6944813721C7A018001A11A2 /* TransitionManager.swift in Sources */,
				6944814121C7A018001A11A2 /* SpringTextView.swift in Sources */,
				6944813A21C7A018001A11A2 /* Spring.swift in Sources */,
				6944813C21C7A018001A11A2 /* DesignableLabel.swift in Sources */,
				6183FFD021E756810090393E /* SelectWorkVC.swift in Sources */,
				617CD12A21DE286700D4C885 /* SignUpViewController.swift in Sources */,
				6944814721C7A018001A11A2 /* DesignableTabBarController.swift in Sources */,
			);
			runOnlyForDeploymentPostprocessing = 0;
		};
/* End PBXSourcesBuildPhase section */

/* Begin PBXVariantGroup section */
		6998E7E021C77778009DFBEF /* Main.storyboard */ = {
			isa = PBXVariantGroup;
			children = (
				6998E7E121C77778009DFBEF /* Base */,
			);
			name = Main.storyboard;
			sourceTree = "<group>";
		};
		6998E7E521C77779009DFBEF /* LaunchScreen.storyboard */ = {
			isa = PBXVariantGroup;
			children = (
				6998E7E621C77779009DFBEF /* Base */,
			);
			name = LaunchScreen.storyboard;
			sourceTree = "<group>";
		};
/* End PBXVariantGroup section */

/* Begin XCBuildConfiguration section */
		6998E7E921C77779009DFBEF /* Debug */ = {
			isa = XCBuildConfiguration;
			buildSettings = {
				ALWAYS_SEARCH_USER_PATHS = NO;
				CLANG_ANALYZER_NONNULL = YES;
				CLANG_ANALYZER_NUMBER_OBJECT_CONVERSION = YES_AGGRESSIVE;
				CLANG_CXX_LANGUAGE_STANDARD = "gnu++14";
				CLANG_CXX_LIBRARY = "libc++";
				CLANG_ENABLE_MODULES = YES;
				CLANG_ENABLE_OBJC_ARC = YES;
				CLANG_ENABLE_OBJC_WEAK = YES;
				CLANG_WARN_BLOCK_CAPTURE_AUTORELEASING = YES;
				CLANG_WARN_BOOL_CONVERSION = YES;
				CLANG_WARN_COMMA = YES;
				CLANG_WARN_CONSTANT_CONVERSION = YES;
				CLANG_WARN_DEPRECATED_OBJC_IMPLEMENTATIONS = YES;
				CLANG_WARN_DIRECT_OBJC_ISA_USAGE = YES_ERROR;
				CLANG_WARN_DOCUMENTATION_COMMENTS = YES;
				CLANG_WARN_EMPTY_BODY = YES;
				CLANG_WARN_ENUM_CONVERSION = YES;
				CLANG_WARN_INFINITE_RECURSION = YES;
				CLANG_WARN_INT_CONVERSION = YES;
				CLANG_WARN_NON_LITERAL_NULL_CONVERSION = YES;
				CLANG_WARN_OBJC_IMPLICIT_RETAIN_SELF = YES;
				CLANG_WARN_OBJC_LITERAL_CONVERSION = YES;
				CLANG_WARN_OBJC_ROOT_CLASS = YES_ERROR;
				CLANG_WARN_RANGE_LOOP_ANALYSIS = YES;
				CLANG_WARN_STRICT_PROTOTYPES = YES;
				CLANG_WARN_SUSPICIOUS_MOVE = YES;
				CLANG_WARN_UNGUARDED_AVAILABILITY = YES_AGGRESSIVE;
				CLANG_WARN_UNREACHABLE_CODE = YES;
				CLANG_WARN__DUPLICATE_METHOD_MATCH = YES;
				CODE_SIGN_IDENTITY = "iPhone Developer";
				COPY_PHASE_STRIP = NO;
				DEBUG_INFORMATION_FORMAT = dwarf;
				ENABLE_STRICT_OBJC_MSGSEND = YES;
				ENABLE_TESTABILITY = YES;
				GCC_C_LANGUAGE_STANDARD = gnu11;
				GCC_DYNAMIC_NO_PIC = NO;
				GCC_NO_COMMON_BLOCKS = YES;
				GCC_OPTIMIZATION_LEVEL = 0;
				GCC_PREPROCESSOR_DEFINITIONS = (
					"DEBUG=1",
					"$(inherited)",
				);
				GCC_WARN_64_TO_32_BIT_CONVERSION = YES;
				GCC_WARN_ABOUT_RETURN_TYPE = YES_ERROR;
				GCC_WARN_UNDECLARED_SELECTOR = YES;
				GCC_WARN_UNINITIALIZED_AUTOS = YES_AGGRESSIVE;
				GCC_WARN_UNUSED_FUNCTION = YES;
				GCC_WARN_UNUSED_VARIABLE = YES;
				IPHONEOS_DEPLOYMENT_TARGET = 12.0;
				MTL_ENABLE_DEBUG_INFO = INCLUDE_SOURCE;
				MTL_FAST_MATH = YES;
				ONLY_ACTIVE_ARCH = YES;
				SDKROOT = iphoneos;
				SWIFT_ACTIVE_COMPILATION_CONDITIONS = DEBUG;
				SWIFT_OPTIMIZATION_LEVEL = "-Onone";
			};
			name = Debug;
		};
		6998E7EA21C77779009DFBEF /* Release */ = {
			isa = XCBuildConfiguration;
			buildSettings = {
				ALWAYS_SEARCH_USER_PATHS = NO;
				CLANG_ANALYZER_NONNULL = YES;
				CLANG_ANALYZER_NUMBER_OBJECT_CONVERSION = YES_AGGRESSIVE;
				CLANG_CXX_LANGUAGE_STANDARD = "gnu++14";
				CLANG_CXX_LIBRARY = "libc++";
				CLANG_ENABLE_MODULES = YES;
				CLANG_ENABLE_OBJC_ARC = YES;
				CLANG_ENABLE_OBJC_WEAK = YES;
				CLANG_WARN_BLOCK_CAPTURE_AUTORELEASING = YES;
				CLANG_WARN_BOOL_CONVERSION = YES;
				CLANG_WARN_COMMA = YES;
				CLANG_WARN_CONSTANT_CONVERSION = YES;
				CLANG_WARN_DEPRECATED_OBJC_IMPLEMENTATIONS = YES;
				CLANG_WARN_DIRECT_OBJC_ISA_USAGE = YES_ERROR;
				CLANG_WARN_DOCUMENTATION_COMMENTS = YES;
				CLANG_WARN_EMPTY_BODY = YES;
				CLANG_WARN_ENUM_CONVERSION = YES;
				CLANG_WARN_INFINITE_RECURSION = YES;
				CLANG_WARN_INT_CONVERSION = YES;
				CLANG_WARN_NON_LITERAL_NULL_CONVERSION = YES;
				CLANG_WARN_OBJC_IMPLICIT_RETAIN_SELF = YES;
				CLANG_WARN_OBJC_LITERAL_CONVERSION = YES;
				CLANG_WARN_OBJC_ROOT_CLASS = YES_ERROR;
				CLANG_WARN_RANGE_LOOP_ANALYSIS = YES;
				CLANG_WARN_STRICT_PROTOTYPES = YES;
				CLANG_WARN_SUSPICIOUS_MOVE = YES;
				CLANG_WARN_UNGUARDED_AVAILABILITY = YES_AGGRESSIVE;
				CLANG_WARN_UNREACHABLE_CODE = YES;
				CLANG_WARN__DUPLICATE_METHOD_MATCH = YES;
				CODE_SIGN_IDENTITY = "iPhone Developer";
				COPY_PHASE_STRIP = NO;
				DEBUG_INFORMATION_FORMAT = "dwarf-with-dsym";
				ENABLE_NS_ASSERTIONS = NO;
				ENABLE_STRICT_OBJC_MSGSEND = YES;
				GCC_C_LANGUAGE_STANDARD = gnu11;
				GCC_NO_COMMON_BLOCKS = YES;
				GCC_WARN_64_TO_32_BIT_CONVERSION = YES;
				GCC_WARN_ABOUT_RETURN_TYPE = YES_ERROR;
				GCC_WARN_UNDECLARED_SELECTOR = YES;
				GCC_WARN_UNINITIALIZED_AUTOS = YES_AGGRESSIVE;
				GCC_WARN_UNUSED_FUNCTION = YES;
				GCC_WARN_UNUSED_VARIABLE = YES;
				IPHONEOS_DEPLOYMENT_TARGET = 12.0;
				MTL_ENABLE_DEBUG_INFO = NO;
				MTL_FAST_MATH = YES;
				SDKROOT = iphoneos;
				SWIFT_COMPILATION_MODE = wholemodule;
				SWIFT_OPTIMIZATION_LEVEL = "-O";
				VALIDATE_PRODUCT = YES;
			};
			name = Release;
		};
		6998E7EC21C77779009DFBEF /* Debug */ = {
			isa = XCBuildConfiguration;
			baseConfigurationReference = 599321E0048D21A225A2482B /* Pods-Sozie.debug.xcconfig */;
			buildSettings = {
				ASSETCATALOG_COMPILER_APPICON_NAME = AppIcon;
				CODE_SIGN_ENTITLEMENTS = Sozie/Sozie.entitlements;
				CODE_SIGN_STYLE = Automatic;
				DEVELOPMENT_TEAM = 8VJR2RYALF;
				FRAMEWORK_SEARCH_PATHS = (
					"$(inherited)",
					"$(PROJECT_DIR)",
				);
				INFOPLIST_FILE = Sozie/Info.plist;
				IPHONEOS_DEPLOYMENT_TARGET = 10.0;
				LD_RUNPATH_SEARCH_PATHS = (
					"$(inherited)",
					"@executable_path/Frameworks",
				);
				PRODUCT_BUNDLE_IDENTIFIER = com.sozie.sozieapp;
				PRODUCT_MODULE_NAME = Sozie;
				PRODUCT_NAME = "$(TARGET_NAME)";
				SWIFT_OBJC_BRIDGING_HEADER = "";
				SWIFT_VERSION = 4.2;
				TARGETED_DEVICE_FAMILY = "1,2";
			};
			name = Debug;
		};
		6998E7ED21C77779009DFBEF /* Release */ = {
			isa = XCBuildConfiguration;
			baseConfigurationReference = F98D7C614A0527D488B85DC8 /* Pods-Sozie.release.xcconfig */;
			buildSettings = {
				ASSETCATALOG_COMPILER_APPICON_NAME = AppIcon;
				CODE_SIGN_ENTITLEMENTS = Sozie/Sozie.entitlements;
				CODE_SIGN_STYLE = Automatic;
				DEVELOPMENT_TEAM = 8VJR2RYALF;
				FRAMEWORK_SEARCH_PATHS = (
					"$(inherited)",
					"$(PROJECT_DIR)",
				);
				INFOPLIST_FILE = Sozie/Info.plist;
				IPHONEOS_DEPLOYMENT_TARGET = 10.0;
				LD_RUNPATH_SEARCH_PATHS = (
					"$(inherited)",
					"@executable_path/Frameworks",
				);
				PRODUCT_BUNDLE_IDENTIFIER = com.sozie.sozieapp;
				PRODUCT_MODULE_NAME = Sozie;
				PRODUCT_NAME = "$(TARGET_NAME)";
				SWIFT_OBJC_BRIDGING_HEADER = "";
				SWIFT_VERSION = 4.2;
				TARGETED_DEVICE_FAMILY = "1,2";
			};
			name = Release;
		};
/* End XCBuildConfiguration section */

/* Begin XCConfigurationList section */
		6998E7D421C77778009DFBEF /* Build configuration list for PBXProject "Sozie" */ = {
			isa = XCConfigurationList;
			buildConfigurations = (
				6998E7E921C77779009DFBEF /* Debug */,
				6998E7EA21C77779009DFBEF /* Release */,
			);
			defaultConfigurationIsVisible = 0;
			defaultConfigurationName = Release;
		};
		6998E7EB21C77779009DFBEF /* Build configuration list for PBXNativeTarget "Sozie" */ = {
			isa = XCConfigurationList;
			buildConfigurations = (
				6998E7EC21C77779009DFBEF /* Debug */,
				6998E7ED21C77779009DFBEF /* Release */,
			);
			defaultConfigurationIsVisible = 0;
			defaultConfigurationName = Release;
		};
/* End XCConfigurationList section */
	};
	rootObject = 6998E7D121C77778009DFBEF /* Project object */;
}
