// !$*UTF8*$!
{
	archiveVersion = 1;
	classes = {
	};
	objectVersion = 50;
	objects = {

/* Begin PBXBuildFile section */
		6103E18B21F9E98800C7E7CF /* LaunchScreen.storyboard in Resources */ = {isa = PBXBuildFile; fileRef = 6103E18721F9E98800C7E7CF /* LaunchScreen.storyboard */; };
		6103E18C21F9E98800C7E7CF /* Main.storyboard in Resources */ = {isa = PBXBuildFile; fileRef = 6103E18921F9E98800C7E7CF /* Main.storyboard */; };
		6103E18E21F9E9AB00C7E7CF /* TabBar.storyboard in Resources */ = {isa = PBXBuildFile; fileRef = 6103E18D21F9E9AB00C7E7CF /* TabBar.storyboard */; };
		6103E19121FAF24200C7E7CF /* TabBarVC.swift in Sources */ = {isa = PBXBuildFile; fileRef = 6103E19021FAF24200C7E7CF /* TabBarVC.swift */; };
		6103E19E21FB190100C7E7CF /* BrowseVC.swift in Sources */ = {isa = PBXBuildFile; fileRef = 6103E19D21FB190100C7E7CF /* BrowseVC.swift */; };
		6103E1A021FB191100C7E7CF /* ProfileRootVC.swift in Sources */ = {isa = PBXBuildFile; fileRef = 6103E19F21FB191100C7E7CF /* ProfileRootVC.swift */; };
		6103E1A221FB192200C7E7CF /* WishListVC.swift in Sources */ = {isa = PBXBuildFile; fileRef = 6103E1A121FB192200C7E7CF /* WishListVC.swift */; };
		6103E1A421FB43B600C7E7CF /* ProfileSideMenuVC.swift in Sources */ = {isa = PBXBuildFile; fileRef = 6103E1A321FB43B600C7E7CF /* ProfileSideMenuVC.swift */; };
		6103E1A721FEDBEB00C7E7CF /* PopupController.swift in Sources */ = {isa = PBXBuildFile; fileRef = 6103E1A621FEDBEB00C7E7CF /* PopupController.swift */; };
		6103E1AB21FEE03900C7E7CF /* String.swift in Sources */ = {isa = PBXBuildFile; fileRef = 6103E1AA21FEE03900C7E7CF /* String.swift */; };
		61145CC121DB926700062332 /* ServerManager.swift in Sources */ = {isa = PBXBuildFile; fileRef = 61145CC021DB926600062332 /* ServerManager.swift */; };
		6122289921F5D33500D4D747 /* SignInViewController.swift in Sources */ = {isa = PBXBuildFile; fileRef = 6122289821F5D33500D4D747 /* SignInViewController.swift */; };
		6122289B21F5D35B00D4D747 /* ForgotPasswordEmailPopUp.swift in Sources */ = {isa = PBXBuildFile; fileRef = 6122289A21F5D35B00D4D747 /* ForgotPasswordEmailPopUp.swift */; };
		6122289D21F5D3D500D4D747 /* ServerResponsePopUp.swift in Sources */ = {isa = PBXBuildFile; fileRef = 6122289C21F5D3D500D4D747 /* ServerResponsePopUp.swift */; };
		613F897921E897AA00EB48D2 /* Country.swift in Sources */ = {isa = PBXBuildFile; fileRef = 613F897821E897AA00EB48D2 /* Country.swift */; };
		613F897B21E8AEF800EB48D2 /* LoginResponse.swift in Sources */ = {isa = PBXBuildFile; fileRef = 613F897A21E8AEF800EB48D2 /* LoginResponse.swift */; };
		613F897D21E8C5FB00EB48D2 /* CustomError.swift in Sources */ = {isa = PBXBuildFile; fileRef = 613F897C21E8C5FB00EB48D2 /* CustomError.swift */; };
		614CEA4321F1E08F00FE5F9D /* GoogleService-Info.plist in Resources */ = {isa = PBXBuildFile; fileRef = 614CEA4221F1E08F00FE5F9D /* GoogleService-Info.plist */; };
		614CEA4621F1E48600FE5F9D /* SocialAuthManager.swift in Sources */ = {isa = PBXBuildFile; fileRef = 614CEA4521F1E48600FE5F9D /* SocialAuthManager.swift */; };
		617AC4FE21D3595500655C3C /* UploadProfilePictureVC.swift in Sources */ = {isa = PBXBuildFile; fileRef = 617AC4FD21D3595500655C3C /* UploadProfilePictureVC.swift */; };
		617CD12A21DE286700D4C885 /* SignUpViewController.swift in Sources */ = {isa = PBXBuildFile; fileRef = 617CD12921DE286700D4C885 /* SignUpViewController.swift */; };
		617CD12C21DE288400D4C885 /* SelectCountryVC.swift in Sources */ = {isa = PBXBuildFile; fileRef = 617CD12B21DE288400D4C885 /* SelectCountryVC.swift */; };
		617CD12E21DE3B2900D4C885 /* SignUpEmailVC.swift in Sources */ = {isa = PBXBuildFile; fileRef = 617CD12D21DE3B2900D4C885 /* SignUpEmailVC.swift */; };
		618091C821EF43D0004B3347 /* UserDefaultManager.swift in Sources */ = {isa = PBXBuildFile; fileRef = 618091C721EF43D0004B3347 /* UserDefaultManager.swift */; };
		6183FFCE21E747790090393E /* InviteFriendsVC.swift in Sources */ = {isa = PBXBuildFile; fileRef = 6183FFCD21E747790090393E /* InviteFriendsVC.swift */; };
		6183FFD021E756810090393E /* SelectWorkVC.swift in Sources */ = {isa = PBXBuildFile; fileRef = 6183FFCF21E756810090393E /* SelectWorkVC.swift */; };
		6188C70321EC98A000B51EA1 /* SizeChartPopUpVC.swift in Sources */ = {isa = PBXBuildFile; fileRef = 6188C70221EC98A000B51EA1 /* SizeChartPopUpVC.swift */; };
		6188C70821ECA30200B51EA1 /* SizeCell.swift in Sources */ = {isa = PBXBuildFile; fileRef = 6188C70721ECA30200B51EA1 /* SizeCell.swift */; };
		6198D00321F725C50030B002 /* ResetPasswordVC.swift in Sources */ = {isa = PBXBuildFile; fileRef = 6198D00221F725C50030B002 /* ResetPasswordVC.swift */; };
		619EC53121E5F95000E4AE02 /* SizeChart.swift in Sources */ = {isa = PBXBuildFile; fileRef = 619EC53021E5F95000E4AE02 /* SizeChart.swift */; };
		61A20A5021E4B28A00B27C8E /* MeasurementsVC.swift in Sources */ = {isa = PBXBuildFile; fileRef = 61A20A4F21E4B28A00B27C8E /* MeasurementsVC.swift */; };
		61A20A5221E4D24300B27C8E /* CustomPickerTextField.swift in Sources */ = {isa = PBXBuildFile; fileRef = 61A20A5121E4D24300B27C8E /* CustomPickerTextField.swift */; };
		61A20A5421E4DE1D00B27C8E /* JSONDecoder+DecodeResponse.swift in Sources */ = {isa = PBXBuildFile; fileRef = 61A20A5321E4DE1D00B27C8E /* JSONDecoder+DecodeResponse.swift */; };
		61A20A5721E5DDAC00B27C8E /* SingleTextFieldCell.swift in Sources */ = {isa = PBXBuildFile; fileRef = 61A20A5521E5DDAC00B27C8E /* SingleTextFieldCell.swift */; };
		61A20A5821E5DDAC00B27C8E /* SingleTextFieldCell.xib in Resources */ = {isa = PBXBuildFile; fileRef = 61A20A5621E5DDAC00B27C8E /* SingleTextFieldCell.xib */; };
		61A20A5B21E5DDBF00B27C8E /* DoubleTextFieldCell.swift in Sources */ = {isa = PBXBuildFile; fileRef = 61A20A5921E5DDBF00B27C8E /* DoubleTextFieldCell.swift */; };
		61A20A5C21E5DDBF00B27C8E /* DoubleTextFieldCell.xib in Resources */ = {isa = PBXBuildFile; fileRef = 61A20A5A21E5DDBF00B27C8E /* DoubleTextFieldCell.xib */; };
		61BC873721E76C62000AEA06 /* Brand.swift in Sources */ = {isa = PBXBuildFile; fileRef = 61BC873621E76C62000AEA06 /* Brand.swift */; };
		61FC98E421E4A549009C85FE /* SEGOEUII_1.TTF in Resources */ = {isa = PBXBuildFile; fileRef = 61FC98E321E4A548009C85FE /* SEGOEUII_1.TTF */; };
		694480D221C7A018001A11A2 /* BaseViewController.swift in Sources */ = {isa = PBXBuildFile; fileRef = 69447FF921C7A017001A11A2 /* BaseViewController.swift */; };
		694480EA21C7A018001A11A2 /* Constants.swift in Sources */ = {isa = PBXBuildFile; fileRef = 6944801221C7A017001A11A2 /* Constants.swift */; };
		694480ED21C7A018001A11A2 /* Styles.swift in Sources */ = {isa = PBXBuildFile; fileRef = 6944801521C7A017001A11A2 /* Styles.swift */; };
		694480F721C7A018001A11A2 /* UtilityManager.swift in Sources */ = {isa = PBXBuildFile; fileRef = 6944802121C7A017001A11A2 /* UtilityManager.swift */; };
		6944810A21C7A018001A11A2 /* ApplicationManager.swift in Sources */ = {isa = PBXBuildFile; fileRef = 6944803E21C7A017001A11A2 /* ApplicationManager.swift */; };
		6944810B21C7A018001A11A2 /* Router.swift in Sources */ = {isa = PBXBuildFile; fileRef = 6944803F21C7A017001A11A2 /* Router.swift */; };
		6944810C21C7A018001A11A2 /* DZImageView.swift in Sources */ = {isa = PBXBuildFile; fileRef = 6944804021C7A017001A11A2 /* DZImageView.swift */; };
		6944813421C7A018001A11A2 /* DatePickerTextField.swift in Sources */ = {isa = PBXBuildFile; fileRef = 6944807421C7A017001A11A2 /* DatePickerTextField.swift */; };
		6944815921C7A018001A11A2 /* User.swift in Sources */ = {isa = PBXBuildFile; fileRef = 6944809D21C7A018001A11A2 /* User.swift */; };
		6944817621C7A9ED001A11A2 /* LandingViewController.swift in Sources */ = {isa = PBXBuildFile; fileRef = 6944817521C7A9ED001A11A2 /* LandingViewController.swift */; };
		69854D6A21C8CA6D0092672D /* segoeui.ttf in Resources */ = {isa = PBXBuildFile; fileRef = 69854D6821C8CA6D0092672D /* segoeui.ttf */; };
		69854D6B21C8CA6D0092672D /* segoeuib.ttf in Resources */ = {isa = PBXBuildFile; fileRef = 69854D6921C8CA6D0092672D /* segoeuib.ttf */; };
		69854D6F21C8D88A0092672D /* DZGradientView.swift in Sources */ = {isa = PBXBuildFile; fileRef = 69854D6E21C8D88A0092672D /* DZGradientView.swift */; };
		69854D7121C8D9C70092672D /* DZGradientButton.swift in Sources */ = {isa = PBXBuildFile; fileRef = 69854D7021C8D9C70092672D /* DZGradientButton.swift */; };
		6998E7DD21C77778009DFBEF /* AppDelegate.swift in Sources */ = {isa = PBXBuildFile; fileRef = 6998E7DC21C77778009DFBEF /* AppDelegate.swift */; };
		6998E7E421C77779009DFBEF /* Assets.xcassets in Resources */ = {isa = PBXBuildFile; fileRef = 6998E7E321C77779009DFBEF /* Assets.xcassets */; };
		69DA9A1521CB9B3A008D8FEB /* MainTabBarController.swift in Sources */ = {isa = PBXBuildFile; fileRef = 69DA9A1421CB9B3A008D8FEB /* MainTabBarController.swift */; };
		69DA9A1721CBC6A0008D8FEB /* DZValidator.swift in Sources */ = {isa = PBXBuildFile; fileRef = 69DA9A1621CBC6A0008D8FEB /* DZValidator.swift */; };
		D738BF6321F3D72600302FE5 /* Array.swift in Sources */ = {isa = PBXBuildFile; fileRef = D738BF6221F3D72600302FE5 /* Array.swift */; };
		D738BF6521F3E33A00302FE5 /* TitleAndCheckmarkCell.xib in Resources */ = {isa = PBXBuildFile; fileRef = D738BF6421F3E33A00302FE5 /* TitleAndCheckmarkCell.xib */; };
		D738BF6721F3E3EA00302FE5 /* TitleAndCheckmarkCell.swift in Sources */ = {isa = PBXBuildFile; fileRef = D738BF6621F3E3EA00302FE5 /* TitleAndCheckmarkCell.swift */; };
		D738BF6A21F3F82400302FE5 /* TitleViewModeling.swift in Sources */ = {isa = PBXBuildFile; fileRef = D738BF6921F3F82400302FE5 /* TitleViewModeling.swift */; };
		D738BF6C21F41C5900302FE5 /* CheckmarkViewModeling.swift in Sources */ = {isa = PBXBuildFile; fileRef = D738BF6B21F41C5900302FE5 /* CheckmarkViewModeling.swift */; };
		D738BF7221F439EA00302FE5 /* CellConfigurable.swift in Sources */ = {isa = PBXBuildFile; fileRef = D738BF7121F439EA00302FE5 /* CellConfigurable.swift */; };
		D738BF7421F43A3900302FE5 /* RowViewModel.swift in Sources */ = {isa = PBXBuildFile; fileRef = D738BF7321F43A3900302FE5 /* RowViewModel.swift */; };
		DA48CB0E21FABB8C006804B6 /* DoubleTextFieldCellViewModeling.swift in Sources */ = {isa = PBXBuildFile; fileRef = DA48CB0D21FABB8C006804B6 /* DoubleTextFieldCellViewModeling.swift */; };
		DA48CB1021FABE7E006804B6 /* SingleTextFieldCellViewModeling.swift in Sources */ = {isa = PBXBuildFile; fileRef = DA48CB0F21FABE7E006804B6 /* SingleTextFieldCellViewModeling.swift */; };
		DA48CB1221FAC04E006804B6 /* ButtonTappedDelegate.swift in Sources */ = {isa = PBXBuildFile; fileRef = DA48CB1121FAC04E006804B6 /* ButtonTappedDelegate.swift */; };
		DA48CB1421FACFCD006804B6 /* TextFieldDelegate.swift in Sources */ = {isa = PBXBuildFile; fileRef = DA48CB1321FACFCD006804B6 /* TextFieldDelegate.swift */; };
		DA48CB1621FAD371006804B6 /* ErrorMessageViewModeling.swift in Sources */ = {isa = PBXBuildFile; fileRef = DA48CB1521FAD371006804B6 /* ErrorMessageViewModeling.swift */; };
		DA48CB1821FAD871006804B6 /* ReuseIdentifierProviding.swift in Sources */ = {isa = PBXBuildFile; fileRef = DA48CB1721FAD871006804B6 /* ReuseIdentifierProviding.swift */; };
		DA48CB1A21FADD8D006804B6 /* ErrorViewModeling.swift in Sources */ = {isa = PBXBuildFile; fileRef = DA48CB1921FADD8D006804B6 /* ErrorViewModeling.swift */; };
		DA48CB1C21FC16F4006804B6 /* TextFieldDelegateProviding.swift in Sources */ = {isa = PBXBuildFile; fileRef = DA48CB1B21FC16F4006804B6 /* TextFieldDelegateProviding.swift */; };
		DA48CB1E21FC17E8006804B6 /* UIButtonProviding.swift in Sources */ = {isa = PBXBuildFile; fileRef = DA48CB1D21FC17E8006804B6 /* UIButtonProviding.swift */; };
		DA48CB2021FC25E8006804B6 /* MeasurementTypeProviding.swift in Sources */ = {isa = PBXBuildFile; fileRef = DA48CB1F21FC25E8006804B6 /* MeasurementTypeProviding.swift */; };
		DA48CB2221FC3A46006804B6 /* SingleTextFieldCellViewModel.swift in Sources */ = {isa = PBXBuildFile; fileRef = DA48CB2121FC3A46006804B6 /* SingleTextFieldCellViewModel.swift */; };
		DA48CB2421FC3A64006804B6 /* DoubleTextFieldCellViewModel.swift in Sources */ = {isa = PBXBuildFile; fileRef = DA48CB2321FC3A64006804B6 /* DoubleTextFieldCellViewModel.swift */; };
		E417DCD0989C188C9CE6722B /* Pods_Sozie.framework in Frameworks */ = {isa = PBXBuildFile; fileRef = BDBDF67CA0D5BC596F1176F9 /* Pods_Sozie.framework */; };
/* End PBXBuildFile section */

/* Begin PBXFileReference section */
		599321E0048D21A225A2482B /* Pods-Sozie.debug.xcconfig */ = {isa = PBXFileReference; includeInIndex = 1; lastKnownFileType = text.xcconfig; name = "Pods-Sozie.debug.xcconfig"; path = "Pods/Target Support Files/Pods-Sozie/Pods-Sozie.debug.xcconfig"; sourceTree = "<group>"; };
		6103E18821F9E98800C7E7CF /* Base */ = {isa = PBXFileReference; lastKnownFileType = file.storyboard; name = Base; path = Base.lproj/LaunchScreen.storyboard; sourceTree = "<group>"; };
		6103E18A21F9E98800C7E7CF /* Base */ = {isa = PBXFileReference; lastKnownFileType = file.storyboard; name = Base; path = Base.lproj/Main.storyboard; sourceTree = "<group>"; };
		6103E18D21F9E9AB00C7E7CF /* TabBar.storyboard */ = {isa = PBXFileReference; lastKnownFileType = file.storyboard; path = TabBar.storyboard; sourceTree = "<group>"; };
		6103E19021FAF24200C7E7CF /* TabBarVC.swift */ = {isa = PBXFileReference; lastKnownFileType = sourcecode.swift; path = TabBarVC.swift; sourceTree = "<group>"; };
		6103E19D21FB190100C7E7CF /* BrowseVC.swift */ = {isa = PBXFileReference; lastKnownFileType = sourcecode.swift; path = BrowseVC.swift; sourceTree = "<group>"; };
		6103E19F21FB191100C7E7CF /* ProfileRootVC.swift */ = {isa = PBXFileReference; lastKnownFileType = sourcecode.swift; path = ProfileRootVC.swift; sourceTree = "<group>"; };
		6103E1A121FB192200C7E7CF /* WishListVC.swift */ = {isa = PBXFileReference; lastKnownFileType = sourcecode.swift; path = WishListVC.swift; sourceTree = "<group>"; };
		6103E1A321FB43B600C7E7CF /* ProfileSideMenuVC.swift */ = {isa = PBXFileReference; lastKnownFileType = sourcecode.swift; path = ProfileSideMenuVC.swift; sourceTree = "<group>"; };
		6103E1A621FEDBEB00C7E7CF /* PopupController.swift */ = {isa = PBXFileReference; fileEncoding = 4; lastKnownFileType = sourcecode.swift; path = PopupController.swift; sourceTree = "<group>"; };
		6103E1AA21FEE03900C7E7CF /* String.swift */ = {isa = PBXFileReference; lastKnownFileType = sourcecode.swift; path = String.swift; sourceTree = "<group>"; };
		61145CC021DB926600062332 /* ServerManager.swift */ = {isa = PBXFileReference; lastKnownFileType = sourcecode.swift; path = ServerManager.swift; sourceTree = "<group>"; };
		6122289821F5D33500D4D747 /* SignInViewController.swift */ = {isa = PBXFileReference; fileEncoding = 4; lastKnownFileType = sourcecode.swift; path = SignInViewController.swift; sourceTree = "<group>"; };
		6122289A21F5D35B00D4D747 /* ForgotPasswordEmailPopUp.swift */ = {isa = PBXFileReference; lastKnownFileType = sourcecode.swift; path = ForgotPasswordEmailPopUp.swift; sourceTree = "<group>"; };
		6122289C21F5D3D500D4D747 /* ServerResponsePopUp.swift */ = {isa = PBXFileReference; lastKnownFileType = sourcecode.swift; path = ServerResponsePopUp.swift; sourceTree = "<group>"; };
		613F897821E897AA00EB48D2 /* Country.swift */ = {isa = PBXFileReference; lastKnownFileType = sourcecode.swift; path = Country.swift; sourceTree = "<group>"; };
		613F897A21E8AEF800EB48D2 /* LoginResponse.swift */ = {isa = PBXFileReference; lastKnownFileType = sourcecode.swift; path = LoginResponse.swift; sourceTree = "<group>"; };
		613F897C21E8C5FB00EB48D2 /* CustomError.swift */ = {isa = PBXFileReference; lastKnownFileType = sourcecode.swift; path = CustomError.swift; sourceTree = "<group>"; };
		614CEA4221F1E08F00FE5F9D /* GoogleService-Info.plist */ = {isa = PBXFileReference; fileEncoding = 4; lastKnownFileType = text.plist.xml; path = "GoogleService-Info.plist"; sourceTree = "<group>"; };
		614CEA4521F1E48600FE5F9D /* SocialAuthManager.swift */ = {isa = PBXFileReference; lastKnownFileType = sourcecode.swift; path = SocialAuthManager.swift; sourceTree = "<group>"; };
		617AC4FD21D3595500655C3C /* UploadProfilePictureVC.swift */ = {isa = PBXFileReference; lastKnownFileType = sourcecode.swift; path = UploadProfilePictureVC.swift; sourceTree = "<group>"; };
		617AC4FF21D38C6A00655C3C /* Sozie.entitlements */ = {isa = PBXFileReference; lastKnownFileType = text.plist.entitlements; path = Sozie.entitlements; sourceTree = "<group>"; };
		617CD12921DE286700D4C885 /* SignUpViewController.swift */ = {isa = PBXFileReference; fileEncoding = 4; lastKnownFileType = sourcecode.swift; path = SignUpViewController.swift; sourceTree = "<group>"; };
		617CD12B21DE288400D4C885 /* SelectCountryVC.swift */ = {isa = PBXFileReference; lastKnownFileType = sourcecode.swift; path = SelectCountryVC.swift; sourceTree = "<group>"; };
		617CD12D21DE3B2900D4C885 /* SignUpEmailVC.swift */ = {isa = PBXFileReference; lastKnownFileType = sourcecode.swift; path = SignUpEmailVC.swift; sourceTree = "<group>"; };
		618091C721EF43D0004B3347 /* UserDefaultManager.swift */ = {isa = PBXFileReference; lastKnownFileType = sourcecode.swift; path = UserDefaultManager.swift; sourceTree = "<group>"; };
		6183FFCD21E747790090393E /* InviteFriendsVC.swift */ = {isa = PBXFileReference; lastKnownFileType = sourcecode.swift; path = InviteFriendsVC.swift; sourceTree = "<group>"; };
		6183FFCF21E756810090393E /* SelectWorkVC.swift */ = {isa = PBXFileReference; lastKnownFileType = sourcecode.swift; path = SelectWorkVC.swift; sourceTree = "<group>"; };
		6188C70221EC98A000B51EA1 /* SizeChartPopUpVC.swift */ = {isa = PBXFileReference; lastKnownFileType = sourcecode.swift; path = SizeChartPopUpVC.swift; sourceTree = "<group>"; };
		6188C70721ECA30200B51EA1 /* SizeCell.swift */ = {isa = PBXFileReference; lastKnownFileType = sourcecode.swift; path = SizeCell.swift; sourceTree = "<group>"; };
		6198D00221F725C50030B002 /* ResetPasswordVC.swift */ = {isa = PBXFileReference; lastKnownFileType = sourcecode.swift; path = ResetPasswordVC.swift; sourceTree = "<group>"; };
		619EC53021E5F95000E4AE02 /* SizeChart.swift */ = {isa = PBXFileReference; lastKnownFileType = sourcecode.swift; path = SizeChart.swift; sourceTree = "<group>"; };
		61A20A4F21E4B28A00B27C8E /* MeasurementsVC.swift */ = {isa = PBXFileReference; lastKnownFileType = sourcecode.swift; path = MeasurementsVC.swift; sourceTree = "<group>"; };
		61A20A5121E4D24300B27C8E /* CustomPickerTextField.swift */ = {isa = PBXFileReference; fileEncoding = 4; lastKnownFileType = sourcecode.swift; path = CustomPickerTextField.swift; sourceTree = "<group>"; };
		61A20A5321E4DE1D00B27C8E /* JSONDecoder+DecodeResponse.swift */ = {isa = PBXFileReference; lastKnownFileType = sourcecode.swift; path = "JSONDecoder+DecodeResponse.swift"; sourceTree = "<group>"; };
		61A20A5521E5DDAC00B27C8E /* SingleTextFieldCell.swift */ = {isa = PBXFileReference; lastKnownFileType = sourcecode.swift; path = SingleTextFieldCell.swift; sourceTree = "<group>"; };
		61A20A5621E5DDAC00B27C8E /* SingleTextFieldCell.xib */ = {isa = PBXFileReference; lastKnownFileType = file.xib; path = SingleTextFieldCell.xib; sourceTree = "<group>"; };
		61A20A5921E5DDBF00B27C8E /* DoubleTextFieldCell.swift */ = {isa = PBXFileReference; lastKnownFileType = sourcecode.swift; path = DoubleTextFieldCell.swift; sourceTree = "<group>"; };
		61A20A5A21E5DDBF00B27C8E /* DoubleTextFieldCell.xib */ = {isa = PBXFileReference; lastKnownFileType = file.xib; path = DoubleTextFieldCell.xib; sourceTree = "<group>"; };
		61BC873621E76C62000AEA06 /* Brand.swift */ = {isa = PBXFileReference; lastKnownFileType = sourcecode.swift; path = Brand.swift; sourceTree = "<group>"; };
		61FC98E321E4A548009C85FE /* SEGOEUII_1.TTF */ = {isa = PBXFileReference; lastKnownFileType = file; path = SEGOEUII_1.TTF; sourceTree = "<group>"; };
		69447FF921C7A017001A11A2 /* BaseViewController.swift */ = {isa = PBXFileReference; fileEncoding = 4; lastKnownFileType = sourcecode.swift; path = BaseViewController.swift; sourceTree = "<group>"; };
		6944801221C7A017001A11A2 /* Constants.swift */ = {isa = PBXFileReference; fileEncoding = 4; lastKnownFileType = sourcecode.swift; path = Constants.swift; sourceTree = "<group>"; };
		6944801521C7A017001A11A2 /* Styles.swift */ = {isa = PBXFileReference; fileEncoding = 4; lastKnownFileType = sourcecode.swift; path = Styles.swift; sourceTree = "<group>"; };
		6944802121C7A017001A11A2 /* UtilityManager.swift */ = {isa = PBXFileReference; fileEncoding = 4; lastKnownFileType = sourcecode.swift; path = UtilityManager.swift; sourceTree = "<group>"; };
		6944803E21C7A017001A11A2 /* ApplicationManager.swift */ = {isa = PBXFileReference; fileEncoding = 4; lastKnownFileType = sourcecode.swift; path = ApplicationManager.swift; sourceTree = "<group>"; };
		6944803F21C7A017001A11A2 /* Router.swift */ = {isa = PBXFileReference; fileEncoding = 4; lastKnownFileType = sourcecode.swift; path = Router.swift; sourceTree = "<group>"; };
		6944804021C7A017001A11A2 /* DZImageView.swift */ = {isa = PBXFileReference; fileEncoding = 4; lastKnownFileType = sourcecode.swift; path = DZImageView.swift; sourceTree = "<group>"; };
		6944807421C7A017001A11A2 /* DatePickerTextField.swift */ = {isa = PBXFileReference; fileEncoding = 4; lastKnownFileType = sourcecode.swift; path = DatePickerTextField.swift; sourceTree = "<group>"; };
		6944809D21C7A018001A11A2 /* User.swift */ = {isa = PBXFileReference; fileEncoding = 4; lastKnownFileType = sourcecode.swift; path = User.swift; sourceTree = "<group>"; };
		6944817521C7A9ED001A11A2 /* LandingViewController.swift */ = {isa = PBXFileReference; lastKnownFileType = sourcecode.swift; path = LandingViewController.swift; sourceTree = "<group>"; };
		69854D6821C8CA6D0092672D /* segoeui.ttf */ = {isa = PBXFileReference; lastKnownFileType = file; path = segoeui.ttf; sourceTree = "<group>"; };
		69854D6921C8CA6D0092672D /* segoeuib.ttf */ = {isa = PBXFileReference; lastKnownFileType = file; path = segoeuib.ttf; sourceTree = "<group>"; };
		69854D6E21C8D88A0092672D /* DZGradientView.swift */ = {isa = PBXFileReference; fileEncoding = 4; lastKnownFileType = sourcecode.swift; path = DZGradientView.swift; sourceTree = "<group>"; };
		69854D7021C8D9C70092672D /* DZGradientButton.swift */ = {isa = PBXFileReference; lastKnownFileType = sourcecode.swift; path = DZGradientButton.swift; sourceTree = "<group>"; };
		69854D7221C8DC610092672D /* seguisb.ttf */ = {isa = PBXFileReference; lastKnownFileType = file; path = seguisb.ttf; sourceTree = "<group>"; };
		6998E7D921C77778009DFBEF /* Sozie.app */ = {isa = PBXFileReference; explicitFileType = wrapper.application; includeInIndex = 0; path = Sozie.app; sourceTree = BUILT_PRODUCTS_DIR; };
		6998E7DC21C77778009DFBEF /* AppDelegate.swift */ = {isa = PBXFileReference; lastKnownFileType = sourcecode.swift; path = AppDelegate.swift; sourceTree = "<group>"; };
		6998E7E321C77779009DFBEF /* Assets.xcassets */ = {isa = PBXFileReference; lastKnownFileType = folder.assetcatalog; path = Assets.xcassets; sourceTree = "<group>"; };
		6998E7E821C77779009DFBEF /* Info.plist */ = {isa = PBXFileReference; lastKnownFileType = text.plist.xml; path = Info.plist; sourceTree = "<group>"; };
		69DA9A1421CB9B3A008D8FEB /* MainTabBarController.swift */ = {isa = PBXFileReference; fileEncoding = 4; lastKnownFileType = sourcecode.swift; path = MainTabBarController.swift; sourceTree = "<group>"; };
		69DA9A1621CBC6A0008D8FEB /* DZValidator.swift */ = {isa = PBXFileReference; lastKnownFileType = sourcecode.swift; path = DZValidator.swift; sourceTree = "<group>"; };
		BDBDF67CA0D5BC596F1176F9 /* Pods_Sozie.framework */ = {isa = PBXFileReference; explicitFileType = wrapper.framework; includeInIndex = 0; path = Pods_Sozie.framework; sourceTree = BUILT_PRODUCTS_DIR; };
		D738BF6221F3D72600302FE5 /* Array.swift */ = {isa = PBXFileReference; lastKnownFileType = sourcecode.swift; path = Array.swift; sourceTree = "<group>"; };
		D738BF6421F3E33A00302FE5 /* TitleAndCheckmarkCell.xib */ = {isa = PBXFileReference; lastKnownFileType = file.xib; path = TitleAndCheckmarkCell.xib; sourceTree = "<group>"; };
		D738BF6621F3E3EA00302FE5 /* TitleAndCheckmarkCell.swift */ = {isa = PBXFileReference; lastKnownFileType = sourcecode.swift; path = TitleAndCheckmarkCell.swift; sourceTree = "<group>"; };
		D738BF6921F3F82400302FE5 /* TitleViewModeling.swift */ = {isa = PBXFileReference; lastKnownFileType = sourcecode.swift; path = TitleViewModeling.swift; sourceTree = "<group>"; };
		D738BF6B21F41C5900302FE5 /* CheckmarkViewModeling.swift */ = {isa = PBXFileReference; lastKnownFileType = sourcecode.swift; path = CheckmarkViewModeling.swift; sourceTree = "<group>"; };
		D738BF7121F439EA00302FE5 /* CellConfigurable.swift */ = {isa = PBXFileReference; lastKnownFileType = sourcecode.swift; path = CellConfigurable.swift; sourceTree = "<group>"; };
		D738BF7321F43A3900302FE5 /* RowViewModel.swift */ = {isa = PBXFileReference; lastKnownFileType = sourcecode.swift; path = RowViewModel.swift; sourceTree = "<group>"; };
		DA48CB0D21FABB8C006804B6 /* DoubleTextFieldCellViewModeling.swift */ = {isa = PBXFileReference; lastKnownFileType = sourcecode.swift; path = DoubleTextFieldCellViewModeling.swift; sourceTree = "<group>"; };
		DA48CB0F21FABE7E006804B6 /* SingleTextFieldCellViewModeling.swift */ = {isa = PBXFileReference; lastKnownFileType = sourcecode.swift; path = SingleTextFieldCellViewModeling.swift; sourceTree = "<group>"; };
		DA48CB1121FAC04E006804B6 /* ButtonTappedDelegate.swift */ = {isa = PBXFileReference; lastKnownFileType = sourcecode.swift; path = ButtonTappedDelegate.swift; sourceTree = "<group>"; };
		DA48CB1321FACFCD006804B6 /* TextFieldDelegate.swift */ = {isa = PBXFileReference; lastKnownFileType = sourcecode.swift; path = TextFieldDelegate.swift; sourceTree = "<group>"; };
		DA48CB1521FAD371006804B6 /* ErrorMessageViewModeling.swift */ = {isa = PBXFileReference; lastKnownFileType = sourcecode.swift; path = ErrorMessageViewModeling.swift; sourceTree = "<group>"; };
		DA48CB1721FAD871006804B6 /* ReuseIdentifierProviding.swift */ = {isa = PBXFileReference; lastKnownFileType = sourcecode.swift; path = ReuseIdentifierProviding.swift; sourceTree = "<group>"; };
		DA48CB1921FADD8D006804B6 /* ErrorViewModeling.swift */ = {isa = PBXFileReference; lastKnownFileType = sourcecode.swift; path = ErrorViewModeling.swift; sourceTree = "<group>"; };
		DA48CB1B21FC16F4006804B6 /* TextFieldDelegateProviding.swift */ = {isa = PBXFileReference; lastKnownFileType = sourcecode.swift; path = TextFieldDelegateProviding.swift; sourceTree = "<group>"; };
		DA48CB1D21FC17E8006804B6 /* UIButtonProviding.swift */ = {isa = PBXFileReference; lastKnownFileType = sourcecode.swift; path = UIButtonProviding.swift; sourceTree = "<group>"; };
		DA48CB1F21FC25E8006804B6 /* MeasurementTypeProviding.swift */ = {isa = PBXFileReference; lastKnownFileType = sourcecode.swift; path = MeasurementTypeProviding.swift; sourceTree = "<group>"; };
		DA48CB2121FC3A46006804B6 /* SingleTextFieldCellViewModel.swift */ = {isa = PBXFileReference; lastKnownFileType = sourcecode.swift; path = SingleTextFieldCellViewModel.swift; sourceTree = "<group>"; };
		DA48CB2321FC3A64006804B6 /* DoubleTextFieldCellViewModel.swift */ = {isa = PBXFileReference; lastKnownFileType = sourcecode.swift; path = DoubleTextFieldCellViewModel.swift; sourceTree = "<group>"; };
		F98D7C614A0527D488B85DC8 /* Pods-Sozie.release.xcconfig */ = {isa = PBXFileReference; includeInIndex = 1; lastKnownFileType = text.xcconfig; name = "Pods-Sozie.release.xcconfig"; path = "Pods/Target Support Files/Pods-Sozie/Pods-Sozie.release.xcconfig"; sourceTree = "<group>"; };
/* End PBXFileReference section */

/* Begin PBXFrameworksBuildPhase section */
		6998E7D621C77778009DFBEF /* Frameworks */ = {
			isa = PBXFrameworksBuildPhase;
			buildActionMask = 2147483647;
			files = (
				E417DCD0989C188C9CE6722B /* Pods_Sozie.framework in Frameworks */,
			);
			runOnlyForDeploymentPostprocessing = 0;
		};
/* End PBXFrameworksBuildPhase section */

/* Begin PBXGroup section */
		57DBE9031E8C78777537FE26 /* Pods */ = {
			isa = PBXGroup;
			children = (
				599321E0048D21A225A2482B /* Pods-Sozie.debug.xcconfig */,
				F98D7C614A0527D488B85DC8 /* Pods-Sozie.release.xcconfig */,
			);
			name = Pods;
			sourceTree = "<group>";
		};
		6103E18621F9E98800C7E7CF /* StoryBoards */ = {
			isa = PBXGroup;
			children = (
				6103E18721F9E98800C7E7CF /* LaunchScreen.storyboard */,
				6103E18921F9E98800C7E7CF /* Main.storyboard */,
				6103E18D21F9E9AB00C7E7CF /* TabBar.storyboard */,
			);
			path = StoryBoards;
			sourceTree = "<group>";
		};
		6103E18F21FAF1E500C7E7CF /* TabBar */ = {
			isa = PBXGroup;
			children = (
				6103E19321FAF91D00C7E7CF /* Browse */,
				6103E19421FAF91D00C7E7CF /* Profile */,
				6103E19221FAF91D00C7E7CF /* WishList */,
				6103E19021FAF24200C7E7CF /* TabBarVC.swift */,
			);
			path = TabBar;
			sourceTree = "<group>";
		};
		6103E19221FAF91D00C7E7CF /* WishList */ = {
			isa = PBXGroup;
			children = (
				6103E1A121FB192200C7E7CF /* WishListVC.swift */,
			);
			path = WishList;
			sourceTree = "<group>";
		};
		6103E19321FAF91D00C7E7CF /* Browse */ = {
			isa = PBXGroup;
			children = (
				6103E19D21FB190100C7E7CF /* BrowseVC.swift */,
			);
			path = Browse;
			sourceTree = "<group>";
		};
		6103E19421FAF91D00C7E7CF /* Profile */ = {
			isa = PBXGroup;
			children = (
				6103E19F21FB191100C7E7CF /* ProfileRootVC.swift */,
				6103E1A321FB43B600C7E7CF /* ProfileSideMenuVC.swift */,
			);
			path = Profile;
			sourceTree = "<group>";
		};
		6103E1A521FEDBEB00C7E7CF /* ThirdParty */ = {
			isa = PBXGroup;
			children = (
				6103E1A621FEDBEB00C7E7CF /* PopupController.swift */,
			);
			path = ThirdParty;
			sourceTree = "<group>";
		};
		6122289721F5D33500D4D747 /* SignIn */ = {
			isa = PBXGroup;
			children = (
				6122289821F5D33500D4D747 /* SignInViewController.swift */,
				6122289A21F5D35B00D4D747 /* ForgotPasswordEmailPopUp.swift */,
				6122289C21F5D3D500D4D747 /* ServerResponsePopUp.swift */,
				6198D00221F725C50030B002 /* ResetPasswordVC.swift */,
			);
			path = SignIn;
			sourceTree = "<group>";
		};
		614CEA4121F1E08F00FE5F9D /* GooglePlist */ = {
			isa = PBXGroup;
			children = (
				614CEA4221F1E08F00FE5F9D /* GoogleService-Info.plist */,
			);
			path = GooglePlist;
			sourceTree = "<group>";
		};
		614CEA4421F1E46800FE5F9D /* SocialManager */ = {
			isa = PBXGroup;
			children = (
				614CEA4521F1E48600FE5F9D /* SocialAuthManager.swift */,
			);
			path = SocialManager;
			sourceTree = "<group>";
		};
		617CD12321DE226600D4C885 /* CustomControls */ = {
			isa = PBXGroup;
			children = (
				6188C70421ECA2C200B51EA1 /* CollectionViewCells */,
				61A20A5521E5DDAC00B27C8E /* SingleTextFieldCell.swift */,
				61A20A5621E5DDAC00B27C8E /* SingleTextFieldCell.xib */,
				61A20A5921E5DDBF00B27C8E /* DoubleTextFieldCell.swift */,
				61A20A5A21E5DDBF00B27C8E /* DoubleTextFieldCell.xib */,
				D738BF6421F3E33A00302FE5 /* TitleAndCheckmarkCell.xib */,
				D738BF6621F3E3EA00302FE5 /* TitleAndCheckmarkCell.swift */,
			);
			path = CustomControls;
			sourceTree = "<group>";
		};
		617CD12821DE284F00D4C885 /* SignUp */ = {
			isa = PBXGroup;
			children = (
				617CD12B21DE288400D4C885 /* SelectCountryVC.swift */,
				6183FFCF21E756810090393E /* SelectWorkVC.swift */,
				617CD12D21DE3B2900D4C885 /* SignUpEmailVC.swift */,
				617CD12921DE286700D4C885 /* SignUpViewController.swift */,
				61A20A4F21E4B28A00B27C8E /* MeasurementsVC.swift */,
				6183FFCD21E747790090393E /* InviteFriendsVC.swift */,
				6188C70221EC98A000B51EA1 /* SizeChartPopUpVC.swift */,
			);
			path = SignUp;
			sourceTree = "<group>";
		};
		6188C70421ECA2C200B51EA1 /* CollectionViewCells */ = {
			isa = PBXGroup;
			children = (
				6188C70721ECA30200B51EA1 /* SizeCell.swift */,
			);
			path = CollectionViewCells;
			sourceTree = "<group>";
		};
		69447FDF21C7A017001A11A2 /* Fonts */ = {
			isa = PBXGroup;
			children = (
				61FC98E321E4A548009C85FE /* SEGOEUII_1.TTF */,
				69854D6821C8CA6D0092672D /* segoeui.ttf */,
				69854D6921C8CA6D0092672D /* segoeuib.ttf */,
				69854D7221C8DC610092672D /* seguisb.ttf */,
			);
			path = Fonts;
			sourceTree = "<group>";
		};
		69447FF221C7A017001A11A2 /* Controllers */ = {
			isa = PBXGroup;
			children = (
				6103E18F21FAF1E500C7E7CF /* TabBar */,
				6122289721F5D33500D4D747 /* SignIn */,
				617CD12821DE284F00D4C885 /* SignUp */,
				69DA9A1421CB9B3A008D8FEB /* MainTabBarController.swift */,
				69447FF921C7A017001A11A2 /* BaseViewController.swift */,
				6944817521C7A9ED001A11A2 /* LandingViewController.swift */,
				617AC4FD21D3595500655C3C /* UploadProfilePictureVC.swift */,
			);
			path = Controllers;
			sourceTree = "<group>";
		};
		6944801121C7A017001A11A2 /* Utilities */ = {
			isa = PBXGroup;
			children = (
				6944803E21C7A017001A11A2 /* ApplicationManager.swift */,
				6944801221C7A017001A11A2 /* Constants.swift */,
				6944807421C7A017001A11A2 /* DatePickerTextField.swift */,
				61A20A5121E4D24300B27C8E /* CustomPickerTextField.swift */,
				69854D7021C8D9C70092672D /* DZGradientButton.swift */,
				69854D6E21C8D88A0092672D /* DZGradientView.swift */,
				6944804021C7A017001A11A2 /* DZImageView.swift */,
				6944803F21C7A017001A11A2 /* Router.swift */,
				6944801521C7A017001A11A2 /* Styles.swift */,
				6944802121C7A017001A11A2 /* UtilityManager.swift */,
				69DA9A1621CBC6A0008D8FEB /* DZValidator.swift */,
				61145CC021DB926600062332 /* ServerManager.swift */,
				61A20A5321E4DE1D00B27C8E /* JSONDecoder+DecodeResponse.swift */,
				613F897C21E8C5FB00EB48D2 /* CustomError.swift */,
				618091C721EF43D0004B3347 /* UserDefaultManager.swift */,
			);
			path = Utilities;
			sourceTree = "<group>";
		};
		6944809421C7A018001A11A2 /* Models */ = {
			isa = PBXGroup;
			children = (
				6944809D21C7A018001A11A2 /* User.swift */,
				619EC53021E5F95000E4AE02 /* SizeChart.swift */,
				61BC873621E76C62000AEA06 /* Brand.swift */,
				613F897821E897AA00EB48D2 /* Country.swift */,
				613F897A21E8AEF800EB48D2 /* LoginResponse.swift */,
			);
			path = Models;
			sourceTree = "<group>";
		};
		694480A421C7A018001A11A2 /* Views */ = {
			isa = PBXGroup;
			children = (
			);
			path = Views;
			sourceTree = "<group>";
		};
		6998E7D021C77778009DFBEF = {
			isa = PBXGroup;
			children = (
				6998E7DB21C77778009DFBEF /* Sozie */,
				6998E7DA21C77778009DFBEF /* Products */,
				57DBE9031E8C78777537FE26 /* Pods */,
				9FCA74413CAF87C22BD8D93F /* Frameworks */,
			);
			sourceTree = "<group>";
		};
		6998E7DA21C77778009DFBEF /* Products */ = {
			isa = PBXGroup;
			children = (
				6998E7D921C77778009DFBEF /* Sozie.app */,
			);
			name = Products;
			sourceTree = "<group>";
		};
		6998E7DB21C77778009DFBEF /* Sozie */ = {
			isa = PBXGroup;
			children = (
				6103E1A521FEDBEB00C7E7CF /* ThirdParty */,
				6103E18621F9E98800C7E7CF /* StoryBoards */,
				D738BF6121F3D6E100302FE5 /* Extensions */,
				614CEA4421F1E46800FE5F9D /* SocialManager */,
				614CEA4121F1E08F00FE5F9D /* GooglePlist */,
				617CD12321DE226600D4C885 /* CustomControls */,
				617AC4FF21D38C6A00655C3C /* Sozie.entitlements */,
				69447FF221C7A017001A11A2 /* Controllers */,
				69447FDF21C7A017001A11A2 /* Fonts */,
				6944809421C7A018001A11A2 /* Models */,
				D738BF6821F3F7F800302FE5 /* ViewModels */,
				6944801121C7A017001A11A2 /* Utilities */,
				694480A421C7A018001A11A2 /* Views */,
				6998E7DC21C77778009DFBEF /* AppDelegate.swift */,
				6998E7E321C77779009DFBEF /* Assets.xcassets */,
				6998E7E821C77779009DFBEF /* Info.plist */,
			);
			path = Sozie;
			sourceTree = "<group>";
		};
		9FCA74413CAF87C22BD8D93F /* Frameworks */ = {
			isa = PBXGroup;
			children = (
				BDBDF67CA0D5BC596F1176F9 /* Pods_Sozie.framework */,
			);
			name = Frameworks;
			sourceTree = "<group>";
		};
		D738BF6121F3D6E100302FE5 /* Extensions */ = {
			isa = PBXGroup;
			children = (
				D738BF6221F3D72600302FE5 /* Array.swift */,
				6103E1AA21FEE03900C7E7CF /* String.swift */,
			);
			path = Extensions;
			sourceTree = "<group>";
		};
		D738BF6821F3F7F800302FE5 /* ViewModels */ = {
			isa = PBXGroup;
			children = (
				DA48CB1121FAC04E006804B6 /* ButtonTappedDelegate.swift */,
				D738BF7121F439EA00302FE5 /* CellConfigurable.swift */,
				D738BF6B21F41C5900302FE5 /* CheckmarkViewModeling.swift */,
				DA48CB2321FC3A64006804B6 /* DoubleTextFieldCellViewModel.swift */,
				DA48CB0D21FABB8C006804B6 /* DoubleTextFieldCellViewModeling.swift */,
				DA48CB1521FAD371006804B6 /* ErrorMessageViewModeling.swift */,
				DA48CB1921FADD8D006804B6 /* ErrorViewModeling.swift */,
				DA48CB1F21FC25E8006804B6 /* MeasurementTypeProviding.swift */,
				DA48CB1721FAD871006804B6 /* ReuseIdentifierProviding.swift */,
				D738BF7321F43A3900302FE5 /* RowViewModel.swift */,
				DA48CB2121FC3A46006804B6 /* SingleTextFieldCellViewModel.swift */,
				DA48CB0F21FABE7E006804B6 /* SingleTextFieldCellViewModeling.swift */,
				DA48CB1321FACFCD006804B6 /* TextFieldDelegate.swift */,
				DA48CB1B21FC16F4006804B6 /* TextFieldDelegateProviding.swift */,
				D738BF6921F3F82400302FE5 /* TitleViewModeling.swift */,
				DA48CB1D21FC17E8006804B6 /* UIButtonProviding.swift */,
			);
			path = ViewModels;
			sourceTree = "<group>";
		};
/* End PBXGroup section */

/* Begin PBXNativeTarget section */
		6998E7D821C77778009DFBEF /* Sozie */ = {
			isa = PBXNativeTarget;
			buildConfigurationList = 6998E7EB21C77779009DFBEF /* Build configuration list for PBXNativeTarget "Sozie" */;
			buildPhases = (
				543CE1B46035D98D23910295 /* [CP] Check Pods Manifest.lock */,
				6998E7D521C77778009DFBEF /* Sources */,
				6998E7D621C77778009DFBEF /* Frameworks */,
				6998E7D721C77778009DFBEF /* Resources */,
				E8874CA3E3421222BA772B7D /* [CP] Copy Pods Resources */,
				0F2B9975FDECE7491E45956A /* [CP] Embed Pods Frameworks */,
			);
			buildRules = (
			);
			dependencies = (
			);
			name = Sozie;
			productName = Sozie;
			productReference = 6998E7D921C77778009DFBEF /* Sozie.app */;
			productType = "com.apple.product-type.application";
		};
/* End PBXNativeTarget section */

/* Begin PBXProject section */
		6998E7D121C77778009DFBEF /* Project object */ = {
			isa = PBXProject;
			attributes = {
				LastSwiftUpdateCheck = 1000;
				LastUpgradeCheck = 1000;
				ORGANIZATIONNAME = "Danial Zahid";
				TargetAttributes = {
					6998E7D821C77778009DFBEF = {
						CreatedOnToolsVersion = 10.0;
						SystemCapabilities = {
							com.apple.Push = {
								enabled = 1;
							};
							com.apple.SafariKeychain = {
								enabled = 0;
							};
						};
					};
				};
			};
			buildConfigurationList = 6998E7D421C77778009DFBEF /* Build configuration list for PBXProject "Sozie" */;
			compatibilityVersion = "Xcode 9.3";
			developmentRegion = en;
			hasScannedForEncodings = 0;
			knownRegions = (
				en,
				Base,
			);
			mainGroup = 6998E7D021C77778009DFBEF;
			productRefGroup = 6998E7DA21C77778009DFBEF /* Products */;
			projectDirPath = "";
			projectRoot = "";
			targets = (
				6998E7D821C77778009DFBEF /* Sozie */,
			);
		};
/* End PBXProject section */

/* Begin PBXResourcesBuildPhase section */
		6998E7D721C77778009DFBEF /* Resources */ = {
			isa = PBXResourcesBuildPhase;
			buildActionMask = 2147483647;
			files = (
				61A20A5821E5DDAC00B27C8E /* SingleTextFieldCell.xib in Resources */,
				614CEA4321F1E08F00FE5F9D /* GoogleService-Info.plist in Resources */,
				D738BF6521F3E33A00302FE5 /* TitleAndCheckmarkCell.xib in Resources */,
				69854D6A21C8CA6D0092672D /* segoeui.ttf in Resources */,
				6103E18C21F9E98800C7E7CF /* Main.storyboard in Resources */,
				69854D6B21C8CA6D0092672D /* segoeuib.ttf in Resources */,
				6103E18B21F9E98800C7E7CF /* LaunchScreen.storyboard in Resources */,
				61FC98E421E4A549009C85FE /* SEGOEUII_1.TTF in Resources */,
				61A20A5C21E5DDBF00B27C8E /* DoubleTextFieldCell.xib in Resources */,
				6103E18E21F9E9AB00C7E7CF /* TabBar.storyboard in Resources */,
				6998E7E421C77779009DFBEF /* Assets.xcassets in Resources */,
			);
			runOnlyForDeploymentPostprocessing = 0;
		};
/* End PBXResourcesBuildPhase section */

/* Begin PBXShellScriptBuildPhase section */
		0F2B9975FDECE7491E45956A /* [CP] Embed Pods Frameworks */ = {
			isa = PBXShellScriptBuildPhase;
			buildActionMask = 2147483647;
			files = (
			);
			inputFileListPaths = (
			);
			inputPaths = (
				"${SRCROOT}/Pods/Target Support Files/Pods-Sozie/Pods-Sozie-frameworks.sh",
				"${BUILT_PRODUCTS_DIR}/Alamofire/Alamofire.framework",
				"${BUILT_PRODUCTS_DIR}/Bolts/Bolts.framework",
				"${BUILT_PRODUCTS_DIR}/EasyTipView/EasyTipView.framework",
				"${BUILT_PRODUCTS_DIR}/FBSDKCoreKit/FBSDKCoreKit.framework",
				"${BUILT_PRODUCTS_DIR}/FBSDKLoginKit/FBSDKLoginKit.framework",
				"${BUILT_PRODUCTS_DIR}/GTMSessionFetcher/GTMSessionFetcher.framework",
				"${BUILT_PRODUCTS_DIR}/GoogleToolboxForMac/GoogleToolboxForMac.framework",
				"${BUILT_PRODUCTS_DIR}/Hex/Hex.framework",
				"${BUILT_PRODUCTS_DIR}/MaterialTextField/MaterialTextField.framework",
				"${BUILT_PRODUCTS_DIR}/SDWebImage/SDWebImage.framework",
				"${BUILT_PRODUCTS_DIR}/SVProgressHUD/SVProgressHUD.framework",
				"${BUILT_PRODUCTS_DIR}/SideMenu/SideMenu.framework",
				"${BUILT_PRODUCTS_DIR}/SnapKit/SnapKit.framework",
				"${BUILT_PRODUCTS_DIR}/SwiftValidator/SwiftValidator.framework",
				"${BUILT_PRODUCTS_DIR}/TPKeyboardAvoiding/TPKeyboardAvoiding.framework",
			);
			name = "[CP] Embed Pods Frameworks";
			outputFileListPaths = (
			);
			outputPaths = (
				"${TARGET_BUILD_DIR}/${FRAMEWORKS_FOLDER_PATH}/Alamofire.framework",
				"${TARGET_BUILD_DIR}/${FRAMEWORKS_FOLDER_PATH}/Bolts.framework",
				"${TARGET_BUILD_DIR}/${FRAMEWORKS_FOLDER_PATH}/EasyTipView.framework",
				"${TARGET_BUILD_DIR}/${FRAMEWORKS_FOLDER_PATH}/FBSDKCoreKit.framework",
				"${TARGET_BUILD_DIR}/${FRAMEWORKS_FOLDER_PATH}/FBSDKLoginKit.framework",
				"${TARGET_BUILD_DIR}/${FRAMEWORKS_FOLDER_PATH}/GTMSessionFetcher.framework",
				"${TARGET_BUILD_DIR}/${FRAMEWORKS_FOLDER_PATH}/GoogleToolboxForMac.framework",
				"${TARGET_BUILD_DIR}/${FRAMEWORKS_FOLDER_PATH}/Hex.framework",
				"${TARGET_BUILD_DIR}/${FRAMEWORKS_FOLDER_PATH}/MaterialTextField.framework",
				"${TARGET_BUILD_DIR}/${FRAMEWORKS_FOLDER_PATH}/SDWebImage.framework",
				"${TARGET_BUILD_DIR}/${FRAMEWORKS_FOLDER_PATH}/SVProgressHUD.framework",
				"${TARGET_BUILD_DIR}/${FRAMEWORKS_FOLDER_PATH}/SideMenu.framework",
				"${TARGET_BUILD_DIR}/${FRAMEWORKS_FOLDER_PATH}/SnapKit.framework",
				"${TARGET_BUILD_DIR}/${FRAMEWORKS_FOLDER_PATH}/SwiftValidator.framework",
				"${TARGET_BUILD_DIR}/${FRAMEWORKS_FOLDER_PATH}/TPKeyboardAvoiding.framework",
			);
			runOnlyForDeploymentPostprocessing = 0;
			shellPath = /bin/sh;
			shellScript = "\"${SRCROOT}/Pods/Target Support Files/Pods-Sozie/Pods-Sozie-frameworks.sh\"\n";
			showEnvVarsInLog = 0;
		};
		543CE1B46035D98D23910295 /* [CP] Check Pods Manifest.lock */ = {
			isa = PBXShellScriptBuildPhase;
			buildActionMask = 2147483647;
			files = (
			);
			inputFileListPaths = (
			);
			inputPaths = (
				"${PODS_PODFILE_DIR_PATH}/Podfile.lock",
				"${PODS_ROOT}/Manifest.lock",
			);
			name = "[CP] Check Pods Manifest.lock";
			outputFileListPaths = (
			);
			outputPaths = (
				"$(DERIVED_FILE_DIR)/Pods-Sozie-checkManifestLockResult.txt",
			);
			runOnlyForDeploymentPostprocessing = 0;
			shellPath = /bin/sh;
			shellScript = "diff \"${PODS_PODFILE_DIR_PATH}/Podfile.lock\" \"${PODS_ROOT}/Manifest.lock\" > /dev/null\nif [ $? != 0 ] ; then\n    # print error to STDERR\n    echo \"error: The sandbox is not in sync with the Podfile.lock. Run 'pod install' or update your CocoaPods installation.\" >&2\n    exit 1\nfi\n# This output is used by Xcode 'outputs' to avoid re-running this script phase.\necho \"SUCCESS\" > \"${SCRIPT_OUTPUT_FILE_0}\"\n";
			showEnvVarsInLog = 0;
		};
		E8874CA3E3421222BA772B7D /* [CP] Copy Pods Resources */ = {
			isa = PBXShellScriptBuildPhase;
			buildActionMask = 2147483647;
			files = (
			);
			inputFileListPaths = (
			);
			inputPaths = (
				"${SRCROOT}/Pods/Target Support Files/Pods-Sozie/Pods-Sozie-resources.sh",
				"${PODS_ROOT}/GoogleSignIn/Resources/GoogleSignIn.bundle",
			);
			name = "[CP] Copy Pods Resources";
			outputFileListPaths = (
			);
			outputPaths = (
				"${TARGET_BUILD_DIR}/${UNLOCALIZED_RESOURCES_FOLDER_PATH}/GoogleSignIn.bundle",
			);
			runOnlyForDeploymentPostprocessing = 0;
			shellPath = /bin/sh;
			shellScript = "\"${SRCROOT}/Pods/Target Support Files/Pods-Sozie/Pods-Sozie-resources.sh\"\n";
			showEnvVarsInLog = 0;
		};
/* End PBXShellScriptBuildPhase section */

/* Begin PBXSourcesBuildPhase section */
		6998E7D521C77778009DFBEF /* Sources */ = {
			isa = PBXSourcesBuildPhase;
			buildActionMask = 2147483647;
			files = (
				D738BF6A21F3F82400302FE5 /* TitleViewModeling.swift in Sources */,
				6944813421C7A018001A11A2 /* DatePickerTextField.swift in Sources */,
				DA48CB1621FAD371006804B6 /* ErrorMessageViewModeling.swift in Sources */,
				61A20A5721E5DDAC00B27C8E /* SingleTextFieldCell.swift in Sources */,
				D738BF7221F439EA00302FE5 /* CellConfigurable.swift in Sources */,
				61A20A5221E4D24300B27C8E /* CustomPickerTextField.swift in Sources */,
				61A20A5021E4B28A00B27C8E /* MeasurementsVC.swift in Sources */,
				6122289B21F5D35B00D4D747 /* ForgotPasswordEmailPopUp.swift in Sources */,
				69DA9A1521CB9B3A008D8FEB /* MainTabBarController.swift in Sources */,
				694480ED21C7A018001A11A2 /* Styles.swift in Sources */,
				6103E1A221FB192200C7E7CF /* WishListVC.swift in Sources */,
				69854D6F21C8D88A0092672D /* DZGradientView.swift in Sources */,
				6944810A21C7A018001A11A2 /* ApplicationManager.swift in Sources */,
				DA48CB1C21FC16F4006804B6 /* TextFieldDelegateProviding.swift in Sources */,
				6944810C21C7A018001A11A2 /* DZImageView.swift in Sources */,
				DA48CB1A21FADD8D006804B6 /* ErrorViewModeling.swift in Sources */,
				61BC873721E76C62000AEA06 /* Brand.swift in Sources */,
				613F897D21E8C5FB00EB48D2 /* CustomError.swift in Sources */,
				614CEA4621F1E48600FE5F9D /* SocialAuthManager.swift in Sources */,
				694480EA21C7A018001A11A2 /* Constants.swift in Sources */,
				D738BF6321F3D72600302FE5 /* Array.swift in Sources */,
				D738BF7421F43A3900302FE5 /* RowViewModel.swift in Sources */,
				DA48CB1421FACFCD006804B6 /* TextFieldDelegate.swift in Sources */,
				613F897B21E8AEF800EB48D2 /* LoginResponse.swift in Sources */,
				DA48CB2221FC3A46006804B6 /* SingleTextFieldCellViewModel.swift in Sources */,
				D738BF6C21F41C5900302FE5 /* CheckmarkViewModeling.swift in Sources */,
				6183FFCE21E747790090393E /* InviteFriendsVC.swift in Sources */,
				6103E1AB21FEE03900C7E7CF /* String.swift in Sources */,
				6198D00321F725C50030B002 /* ResetPasswordVC.swift in Sources */,
				6998E7DD21C77778009DFBEF /* AppDelegate.swift in Sources */,
				DA48CB1221FAC04E006804B6 /* ButtonTappedDelegate.swift in Sources */,
				617AC4FE21D3595500655C3C /* UploadProfilePictureVC.swift in Sources */,
				6103E19E21FB190100C7E7CF /* BrowseVC.swift in Sources */,
				DA48CB1021FABE7E006804B6 /* SingleTextFieldCellViewModeling.swift in Sources */,
				617CD12C21DE288400D4C885 /* SelectCountryVC.swift in Sources */,
				DA48CB2021FC25E8006804B6 /* MeasurementTypeProviding.swift in Sources */,
				D738BF6721F3E3EA00302FE5 /* TitleAndCheckmarkCell.swift in Sources */,
				6944817621C7A9ED001A11A2 /* LandingViewController.swift in Sources */,
				618091C821EF43D0004B3347 /* UserDefaultManager.swift in Sources */,
				6122289D21F5D3D500D4D747 /* ServerResponsePopUp.swift in Sources */,
				61A20A5B21E5DDBF00B27C8E /* DoubleTextFieldCell.swift in Sources */,
				6103E1A721FEDBEB00C7E7CF /* PopupController.swift in Sources */,
				6944810B21C7A018001A11A2 /* Router.swift in Sources */,
				69854D7121C8D9C70092672D /* DZGradientButton.swift in Sources */,
				69DA9A1721CBC6A0008D8FEB /* DZValidator.swift in Sources */,
				61145CC121DB926700062332 /* ServerManager.swift in Sources */,
				DA48CB1E21FC17E8006804B6 /* UIButtonProviding.swift in Sources */,
				DA48CB2421FC3A64006804B6 /* DoubleTextFieldCellViewModel.swift in Sources */,
				61A20A5421E4DE1D00B27C8E /* JSONDecoder+DecodeResponse.swift in Sources */,
				6188C70321EC98A000B51EA1 /* SizeChartPopUpVC.swift in Sources */,
				613F897921E897AA00EB48D2 /* Country.swift in Sources */,
				6944815921C7A018001A11A2 /* User.swift in Sources */,
				617CD12E21DE3B2900D4C885 /* SignUpEmailVC.swift in Sources */,
				694480D221C7A018001A11A2 /* BaseViewController.swift in Sources */,
				6103E1A021FB191100C7E7CF /* ProfileRootVC.swift in Sources */,
				619EC53121E5F95000E4AE02 /* SizeChart.swift in Sources */,
				694480F721C7A018001A11A2 /* UtilityManager.swift in Sources */,
				6103E19121FAF24200C7E7CF /* TabBarVC.swift in Sources */,
				6103E1A421FB43B600C7E7CF /* ProfileSideMenuVC.swift in Sources */,
				6188C70821ECA30200B51EA1 /* SizeCell.swift in Sources */,
				6122289921F5D33500D4D747 /* SignInViewController.swift in Sources */,
				6183FFD021E756810090393E /* SelectWorkVC.swift in Sources */,
				DA48CB1821FAD871006804B6 /* ReuseIdentifierProviding.swift in Sources */,
				DA48CB0E21FABB8C006804B6 /* DoubleTextFieldCellViewModeling.swift in Sources */,
				617CD12A21DE286700D4C885 /* SignUpViewController.swift in Sources */,
			);
			runOnlyForDeploymentPostprocessing = 0;
		};
/* End PBXSourcesBuildPhase section */

/* Begin PBXVariantGroup section */
		6103E18721F9E98800C7E7CF /* LaunchScreen.storyboard */ = {
			isa = PBXVariantGroup;
			children = (
				6103E18821F9E98800C7E7CF /* Base */,
			);
			name = LaunchScreen.storyboard;
			sourceTree = "<group>";
		};
		6103E18921F9E98800C7E7CF /* Main.storyboard */ = {
			isa = PBXVariantGroup;
			children = (
				6103E18A21F9E98800C7E7CF /* Base */,
			);
			name = Main.storyboard;
			sourceTree = "<group>";
		};
/* End PBXVariantGroup section */

/* Begin XCBuildConfiguration section */
		6998E7E921C77779009DFBEF /* Debug */ = {
			isa = XCBuildConfiguration;
			buildSettings = {
				ALWAYS_SEARCH_USER_PATHS = NO;
				CLANG_ANALYZER_NONNULL = YES;
				CLANG_ANALYZER_NUMBER_OBJECT_CONVERSION = YES_AGGRESSIVE;
				CLANG_CXX_LANGUAGE_STANDARD = "gnu++14";
				CLANG_CXX_LIBRARY = "libc++";
				CLANG_ENABLE_MODULES = YES;
				CLANG_ENABLE_OBJC_ARC = YES;
				CLANG_ENABLE_OBJC_WEAK = YES;
				CLANG_WARN_BLOCK_CAPTURE_AUTORELEASING = YES;
				CLANG_WARN_BOOL_CONVERSION = YES;
				CLANG_WARN_COMMA = YES;
				CLANG_WARN_CONSTANT_CONVERSION = YES;
				CLANG_WARN_DEPRECATED_OBJC_IMPLEMENTATIONS = YES;
				CLANG_WARN_DIRECT_OBJC_ISA_USAGE = YES_ERROR;
				CLANG_WARN_DOCUMENTATION_COMMENTS = YES;
				CLANG_WARN_EMPTY_BODY = YES;
				CLANG_WARN_ENUM_CONVERSION = YES;
				CLANG_WARN_INFINITE_RECURSION = YES;
				CLANG_WARN_INT_CONVERSION = YES;
				CLANG_WARN_NON_LITERAL_NULL_CONVERSION = YES;
				CLANG_WARN_OBJC_IMPLICIT_RETAIN_SELF = YES;
				CLANG_WARN_OBJC_LITERAL_CONVERSION = YES;
				CLANG_WARN_OBJC_ROOT_CLASS = YES_ERROR;
				CLANG_WARN_RANGE_LOOP_ANALYSIS = YES;
				CLANG_WARN_STRICT_PROTOTYPES = YES;
				CLANG_WARN_SUSPICIOUS_MOVE = YES;
				CLANG_WARN_UNGUARDED_AVAILABILITY = YES_AGGRESSIVE;
				CLANG_WARN_UNREACHABLE_CODE = YES;
				CLANG_WARN__DUPLICATE_METHOD_MATCH = YES;
				CODE_SIGN_IDENTITY = "iPhone Developer";
				COPY_PHASE_STRIP = NO;
				DEBUG_INFORMATION_FORMAT = dwarf;
				ENABLE_STRICT_OBJC_MSGSEND = YES;
				ENABLE_TESTABILITY = YES;
				GCC_C_LANGUAGE_STANDARD = gnu11;
				GCC_DYNAMIC_NO_PIC = NO;
				GCC_NO_COMMON_BLOCKS = YES;
				GCC_OPTIMIZATION_LEVEL = 0;
				GCC_PREPROCESSOR_DEFINITIONS = (
					"DEBUG=1",
					"$(inherited)",
				);
				GCC_WARN_64_TO_32_BIT_CONVERSION = YES;
				GCC_WARN_ABOUT_RETURN_TYPE = YES_ERROR;
				GCC_WARN_UNDECLARED_SELECTOR = YES;
				GCC_WARN_UNINITIALIZED_AUTOS = YES_AGGRESSIVE;
				GCC_WARN_UNUSED_FUNCTION = YES;
				GCC_WARN_UNUSED_VARIABLE = YES;
				IPHONEOS_DEPLOYMENT_TARGET = 12.0;
				MTL_ENABLE_DEBUG_INFO = INCLUDE_SOURCE;
				MTL_FAST_MATH = YES;
				ONLY_ACTIVE_ARCH = YES;
				SDKROOT = iphoneos;
				SWIFT_ACTIVE_COMPILATION_CONDITIONS = DEBUG;
				SWIFT_OPTIMIZATION_LEVEL = "-Onone";
			};
			name = Debug;
		};
		6998E7EA21C77779009DFBEF /* Release */ = {
			isa = XCBuildConfiguration;
			buildSettings = {
				ALWAYS_SEARCH_USER_PATHS = NO;
				CLANG_ANALYZER_NONNULL = YES;
				CLANG_ANALYZER_NUMBER_OBJECT_CONVERSION = YES_AGGRESSIVE;
				CLANG_CXX_LANGUAGE_STANDARD = "gnu++14";
				CLANG_CXX_LIBRARY = "libc++";
				CLANG_ENABLE_MODULES = YES;
				CLANG_ENABLE_OBJC_ARC = YES;
				CLANG_ENABLE_OBJC_WEAK = YES;
				CLANG_WARN_BLOCK_CAPTURE_AUTORELEASING = YES;
				CLANG_WARN_BOOL_CONVERSION = YES;
				CLANG_WARN_COMMA = YES;
				CLANG_WARN_CONSTANT_CONVERSION = YES;
				CLANG_WARN_DEPRECATED_OBJC_IMPLEMENTATIONS = YES;
				CLANG_WARN_DIRECT_OBJC_ISA_USAGE = YES_ERROR;
				CLANG_WARN_DOCUMENTATION_COMMENTS = YES;
				CLANG_WARN_EMPTY_BODY = YES;
				CLANG_WARN_ENUM_CONVERSION = YES;
				CLANG_WARN_INFINITE_RECURSION = YES;
				CLANG_WARN_INT_CONVERSION = YES;
				CLANG_WARN_NON_LITERAL_NULL_CONVERSION = YES;
				CLANG_WARN_OBJC_IMPLICIT_RETAIN_SELF = YES;
				CLANG_WARN_OBJC_LITERAL_CONVERSION = YES;
				CLANG_WARN_OBJC_ROOT_CLASS = YES_ERROR;
				CLANG_WARN_RANGE_LOOP_ANALYSIS = YES;
				CLANG_WARN_STRICT_PROTOTYPES = YES;
				CLANG_WARN_SUSPICIOUS_MOVE = YES;
				CLANG_WARN_UNGUARDED_AVAILABILITY = YES_AGGRESSIVE;
				CLANG_WARN_UNREACHABLE_CODE = YES;
				CLANG_WARN__DUPLICATE_METHOD_MATCH = YES;
				CODE_SIGN_IDENTITY = "iPhone Developer";
				COPY_PHASE_STRIP = NO;
				DEBUG_INFORMATION_FORMAT = "dwarf-with-dsym";
				ENABLE_NS_ASSERTIONS = NO;
				ENABLE_STRICT_OBJC_MSGSEND = YES;
				GCC_C_LANGUAGE_STANDARD = gnu11;
				GCC_NO_COMMON_BLOCKS = YES;
				GCC_WARN_64_TO_32_BIT_CONVERSION = YES;
				GCC_WARN_ABOUT_RETURN_TYPE = YES_ERROR;
				GCC_WARN_UNDECLARED_SELECTOR = YES;
				GCC_WARN_UNINITIALIZED_AUTOS = YES_AGGRESSIVE;
				GCC_WARN_UNUSED_FUNCTION = YES;
				GCC_WARN_UNUSED_VARIABLE = YES;
				IPHONEOS_DEPLOYMENT_TARGET = 12.0;
				MTL_ENABLE_DEBUG_INFO = NO;
				MTL_FAST_MATH = YES;
				SDKROOT = iphoneos;
				SWIFT_COMPILATION_MODE = wholemodule;
				SWIFT_OPTIMIZATION_LEVEL = "-O";
				VALIDATE_PRODUCT = YES;
			};
			name = Release;
		};
		6998E7EC21C77779009DFBEF /* Debug */ = {
			isa = XCBuildConfiguration;
			baseConfigurationReference = 599321E0048D21A225A2482B /* Pods-Sozie.debug.xcconfig */;
			buildSettings = {
				ASSETCATALOG_COMPILER_APPICON_NAME = AppIcon;
				CODE_SIGN_ENTITLEMENTS = Sozie/Sozie.entitlements;
				CODE_SIGN_STYLE = Automatic;
				DEVELOPMENT_TEAM = 8VJR2RYALF;
				FRAMEWORK_SEARCH_PATHS = (
					"$(inherited)",
					"$(PROJECT_DIR)",
				);
				INFOPLIST_FILE = Sozie/Info.plist;
				IPHONEOS_DEPLOYMENT_TARGET = 10.0;
				LD_RUNPATH_SEARCH_PATHS = (
					"$(inherited)",
					"@executable_path/Frameworks",
				);
				PRODUCT_BUNDLE_IDENTIFIER = com.sozie.sozieapp;
				PRODUCT_MODULE_NAME = Sozie;
				PRODUCT_NAME = "$(TARGET_NAME)";
				SWIFT_OBJC_BRIDGING_HEADER = "";
				SWIFT_VERSION = 4.2;
				TARGETED_DEVICE_FAMILY = "1,2";
			};
			name = Debug;
		};
		6998E7ED21C77779009DFBEF /* Release */ = {
			isa = XCBuildConfiguration;
			baseConfigurationReference = F98D7C614A0527D488B85DC8 /* Pods-Sozie.release.xcconfig */;
			buildSettings = {
				ASSETCATALOG_COMPILER_APPICON_NAME = AppIcon;
				CODE_SIGN_ENTITLEMENTS = Sozie/Sozie.entitlements;
				CODE_SIGN_STYLE = Automatic;
				DEVELOPMENT_TEAM = 8VJR2RYALF;
				FRAMEWORK_SEARCH_PATHS = (
					"$(inherited)",
					"$(PROJECT_DIR)",
				);
				INFOPLIST_FILE = Sozie/Info.plist;
				IPHONEOS_DEPLOYMENT_TARGET = 10.0;
				LD_RUNPATH_SEARCH_PATHS = (
					"$(inherited)",
					"@executable_path/Frameworks",
				);
				PRODUCT_BUNDLE_IDENTIFIER = com.sozie.sozieapp;
				PRODUCT_MODULE_NAME = Sozie;
				PRODUCT_NAME = "$(TARGET_NAME)";
				SWIFT_OBJC_BRIDGING_HEADER = "";
				SWIFT_VERSION = 4.2;
				TARGETED_DEVICE_FAMILY = "1,2";
			};
			name = Release;
		};
/* End XCBuildConfiguration section */

/* Begin XCConfigurationList section */
		6998E7D421C77778009DFBEF /* Build configuration list for PBXProject "Sozie" */ = {
			isa = XCConfigurationList;
			buildConfigurations = (
				6998E7E921C77779009DFBEF /* Debug */,
				6998E7EA21C77779009DFBEF /* Release */,
			);
			defaultConfigurationIsVisible = 0;
			defaultConfigurationName = Release;
		};
		6998E7EB21C77779009DFBEF /* Build configuration list for PBXNativeTarget "Sozie" */ = {
			isa = XCConfigurationList;
			buildConfigurations = (
				6998E7EC21C77779009DFBEF /* Debug */,
				6998E7ED21C77779009DFBEF /* Release */,
			);
			defaultConfigurationIsVisible = 0;
			defaultConfigurationName = Release;
		};
/* End XCConfigurationList section */
	};
	rootObject = 6998E7D121C77778009DFBEF /* Project object */;
}
